{
  "originHash" : "6c0412f35a6d340c895ffc777766ee0a67c24826e8cca3f9eef0adb5a861a9b5",
  "pins" : [
    {
      "identity" : "cloudkitsyncmonitor",
      "kind" : "remoteSourceControl",
      "location" : "https://github.com/ggruen/CloudKitSyncMonitor",
      "state" : {
        "revision" : "8f8de8e71928df27bf023cc6ed808a8b6270a0d3",
        "version" : "1.2.1"
      }
    },
    {
      "identity" : "komponents",
      "kind" : "remoteSourceControl",
      "location" : "https://github.com/katagaki/Komponents",
      "state" : {
        "branch" : "main",
        "revision" : "cb0a6a60bc091627c11e6eca511279414fd1d45e"
      }
    }
  ],
  "version" : 3
}
