// !$*UTF8*$!
{
	archiveVersion = 1;
	classes = {
	};
	objectVersion = 56;
	objects = {

/* Begin PBXBuildFile section */
		E43DFB222AD685E0002A6317 /* Assets.xcassets in Resources */ = {isa = PBXBuildFile; fileRef = E43DFB212AD685E0002A6317 /* Assets.xcassets */; };
		E43DFB252AD69D95002A6317 /* MoreFileManagementView.swift in Sources */ = {isa = PBXBuildFile; fileRef = E43DFB232AD69D31002A6317 /* MoreFileManagementView.swift */; };
		E43DFB2A2AD7804A002A6317 /* Drop.swift in Sources */ = {isa = PBXBuildFile; fileRef = E43DFB282AD77D74002A6317 /* Drop.swift */; };
		E43DFB2C2AD78220002A6317 /* SwiftData.swift in Sources */ = {isa = PBXBuildFile; fileRef = E43DFB2B2AD78220002A6317 /* SwiftData.swift */; };
		E43DFB2D2AD78224002A6317 /* SwiftData.swift in Sources */ = {isa = PBXBuildFile; fileRef = E43DFB2B2AD78220002A6317 /* SwiftData.swift */; };
		E43DFB302AD82A20002A6317 /* ConcurrencyManager.swift in Sources */ = {isa = PBXBuildFile; fileRef = E43DFB2E2AD82923002A6317 /* ConcurrencyManager.swift */; };
		E43DFB332AD851BA002A6317 /* ViewerManager.swift in Sources */ = {isa = PBXBuildFile; fileRef = E43DFB312AD8519A002A6317 /* ViewerManager.swift */; };
		E453B5862AE823F600D45278 /* SortType.swift in Sources */ = {isa = PBXBuildFile; fileRef = E453B5852AE823F600D45278 /* SortType.swift */; };
		E453B5882AE83D5600D45278 /* ToggledMatchedGeometryEffectModifier.swift in Sources */ = {isa = PBXBuildFile; fileRef = E453B5872AE83D5600D45278 /* ToggledMatchedGeometryEffectModifier.swift */; };
		E453B5892AE83E3400D45278 /* ToggledMatchedGeometryEffectModifier.swift in Sources */ = {isa = PBXBuildFile; fileRef = E453B5872AE83D5600D45278 /* ToggledMatchedGeometryEffectModifier.swift */; };
		E456E2DD2ADFE9EA00B6E6D8 /* OverlayBackgroundModifier.swift in Sources */ = {isa = PBXBuildFile; fileRef = E456E2DC2ADFE9EA00B6E6D8 /* OverlayBackgroundModifier.swift */; };
		E45A8BBE2ACD98EF00E3035E /* ViewStyle.swift in Sources */ = {isa = PBXBuildFile; fileRef = E45A8BBD2ACD98EF00E3035E /* ViewStyle.swift */; };
		E45A8BC22ACDB5E500E3035E /* AlbumRow.swift in Sources */ = {isa = PBXBuildFile; fileRef = E45A8BC12ACDB5E500E3035E /* AlbumRow.swift */; };
		E45A8BC52ACF13F700E3035E /* UIImage.swift in Sources */ = {isa = PBXBuildFile; fileRef = E4DE2D8F2ACD570F00F5EA8D /* UIImage.swift */; };
		E45A8BCC2AD0332000E3035E /* SectionHeader.swift in Sources */ = {isa = PBXBuildFile; fileRef = E45A8BCB2AD0332000E3035E /* SectionHeader.swift */; };
		E45A8BCE2AD0362900E3035E /* IllustrationLabel.swift in Sources */ = {isa = PBXBuildFile; fileRef = E45A8BCD2AD0362900E3035E /* IllustrationLabel.swift */; };
		E45A8BD02AD0389600E3035E /* AlbumGridLabel.swift in Sources */ = {isa = PBXBuildFile; fileRef = E45A8BCF2AD0389600E3035E /* AlbumGridLabel.swift */; };
		E45A8BD22AD03C5E00E3035E /* AlbumListRow.swift in Sources */ = {isa = PBXBuildFile; fileRef = E45A8BD12AD03C5E00E3035E /* AlbumListRow.swift */; };
		E45A8BD42AD04A2400E3035E /* SelectionBar.swift in Sources */ = {isa = PBXBuildFile; fileRef = E45A8BD32AD04A2400E3035E /* SelectionBar.swift */; };
		E45A8BD62AD04CD100E3035E /* SelectionOverlay.swift in Sources */ = {isa = PBXBuildFile; fileRef = E45A8BD52AD04CD100E3035E /* SelectionOverlay.swift */; };
		E45A8BD82AD04E1C00E3035E /* IllustrationViewer.swift in Sources */ = {isa = PBXBuildFile; fileRef = E45A8BD72AD04E1C00E3035E /* IllustrationViewer.swift */; };
		E45A8BF62AD1029400E3035E /* MainSplitView.swift in Sources */ = {isa = PBXBuildFile; fileRef = E45A8BF52AD1029400E3035E /* MainSplitView.swift */; };
		E45A8BFC2AD1958B00E3035E /* AlbumNavigationStack.swift in Sources */ = {isa = PBXBuildFile; fileRef = E45A8BFB2AD1958B00E3035E /* AlbumNavigationStack.swift */; };
		E4614CE72ACA86C900D751FB /* App.swift in Sources */ = {isa = PBXBuildFile; fileRef = E4614CE62ACA86C900D751FB /* App.swift */; };
		E4614CE92ACA86C900D751FB /* AlbumView.swift in Sources */ = {isa = PBXBuildFile; fileRef = E4614CE82ACA86C900D751FB /* AlbumView.swift */; };
		E4614CEB2ACA86C900D751FB /* Album.swift in Sources */ = {isa = PBXBuildFile; fileRef = E4614CEA2ACA86C900D751FB /* Album.swift */; };
		E4614CED2ACA86CA00D751FB /* Assets.xcassets in Resources */ = {isa = PBXBuildFile; fileRef = E4614CEC2ACA86CA00D751FB /* Assets.xcassets */; };
		E4614CFF2ACA86EC00D751FB /* ShareViewController.swift in Sources */ = {isa = PBXBuildFile; fileRef = E4614CFE2ACA86EC00D751FB /* ShareViewController.swift */; };
		E4614D062ACA86ED00D751FB /* Importer.appex in Embed Foundation Extensions */ = {isa = PBXBuildFile; fileRef = E4614CFC2ACA86EC00D751FB /* Importer.appex */; settings = {ATTRIBUTES = (RemoveHeadersOnCopy, ); }; };
		E4614D132ACAA7BF00D751FB /* Illustration.swift in Sources */ = {isa = PBXBuildFile; fileRef = E4614D112ACAA7B100D751FB /* Illustration.swift */; };
		E4614D172ACAB66600D751FB /* MainTabView.swift in Sources */ = {isa = PBXBuildFile; fileRef = E4614D162ACAB66600D751FB /* MainTabView.swift */; };
		E4614D1A2ACAB6AD00D751FB /* Komponents in Frameworks */ = {isa = PBXBuildFile; productRef = E4614D192ACAB6AD00D751FB /* Komponents */; };
		E4614D1C2ACAF42000D751FB /* Localizable.xcstrings in Resources */ = {isa = PBXBuildFile; fileRef = E4614D1B2ACAF42000D751FB /* Localizable.xcstrings */; };
		E4614D1E2ACAF8C100D751FB /* NewAlbumView.swift in Sources */ = {isa = PBXBuildFile; fileRef = E4614D1D2ACAF8C100D751FB /* NewAlbumView.swift */; };
		E4614D202ACAFF5E00D751FB /* Album.swift in Sources */ = {isa = PBXBuildFile; fileRef = E4614CEA2ACA86C900D751FB /* Album.swift */; };
		E4614D212ACAFF6000D751FB /* Illustration.swift in Sources */ = {isa = PBXBuildFile; fileRef = E4614D112ACAA7B100D751FB /* Illustration.swift */; };
		E4614D242ACB048000D751FB /* MoreView.swift in Sources */ = {isa = PBXBuildFile; fileRef = E4614D232ACB048000D751FB /* MoreView.swift */; };
		E4614D262ACB08E600D751FB /* Localizable.xcstrings in Resources */ = {isa = PBXBuildFile; fileRef = E4614D252ACB08E600D751FB /* Localizable.xcstrings */; };
		E4614D2C2ACB0FD800D751FB /* ViewPath.swift in Sources */ = {isa = PBXBuildFile; fileRef = E4614D2B2ACB0FD800D751FB /* ViewPath.swift */; };
		E4614D2E2ACB0FF500D751FB /* TabType.swift in Sources */ = {isa = PBXBuildFile; fileRef = E4614D2D2ACB0FF500D751FB /* TabType.swift */; };
		E4614D302ACB100B00D751FB /* NavigationManager.swift in Sources */ = {isa = PBXBuildFile; fileRef = E4614D2F2ACB100B00D751FB /* NavigationManager.swift */; };
		E4614D322ACB103200D751FB /* TabManager.swift in Sources */ = {isa = PBXBuildFile; fileRef = E4614D312ACB103200D751FB /* TabManager.swift */; };
		E4614D382ACB1C9800D751FB /* InfoPlist.xcstrings in Resources */ = {isa = PBXBuildFile; fileRef = E4614D372ACB1C9800D751FB /* InfoPlist.xcstrings */; };
		E4614D3A2ACB274700D751FB /* CollectionView.swift in Sources */ = {isa = PBXBuildFile; fileRef = E4614D392ACB274700D751FB /* CollectionView.swift */; };
		E4614D462ACB417500D751FB /* ImporterView.swift in Sources */ = {isa = PBXBuildFile; fileRef = E4614D452ACB417500D751FB /* ImporterView.swift */; };
		E4614D482ACB46D700D751FB /* ProgressAlert.swift in Sources */ = {isa = PBXBuildFile; fileRef = E4614D472ACB46D700D751FB /* ProgressAlert.swift */; };
		E463671B2ADC4BC90056F3C4 /* InfoPlist.xcstrings in Resources */ = {isa = PBXBuildFile; fileRef = E463671A2ADC4BC90056F3C4 /* InfoPlist.xcstrings */; };
		E46712D32ADA55E7006CB15D /* AlbumMoveMenu.swift in Sources */ = {isa = PBXBuildFile; fileRef = E46712D22ADA55E7006CB15D /* AlbumMoveMenu.swift */; };
		E46712D52ADC17ED006CB15D /* AlbumView+Functions.swift in Sources */ = {isa = PBXBuildFile; fileRef = E46712D42ADC17ED006CB15D /* AlbumView+Functions.swift */; };
		E46712D72ADC24AF006CB15D /* ShareView.swift in Sources */ = {isa = PBXBuildFile; fileRef = E46712D62ADC24AF006CB15D /* ShareView.swift */; };
		E46712D82ADC2549006CB15D /* ViewPath.swift in Sources */ = {isa = PBXBuildFile; fileRef = E4614D2B2ACB0FD800D751FB /* ViewPath.swift */; };
		E46712D92ADC2593006CB15D /* AlbumsSection.swift in Sources */ = {isa = PBXBuildFile; fileRef = E4E892292AD2843A005C9DBD /* AlbumsSection.swift */; };
		E46712DA2ADC2595006CB15D /* AlbumGridLabel.swift in Sources */ = {isa = PBXBuildFile; fileRef = E45A8BCF2AD0389600E3035E /* AlbumGridLabel.swift */; };
		E46712DB2ADC2597006CB15D /* AlbumListRow.swift in Sources */ = {isa = PBXBuildFile; fileRef = E45A8BD12AD03C5E00E3035E /* AlbumListRow.swift */; };
		E46712DC2ADC25D1006CB15D /* ViewStyle.swift in Sources */ = {isa = PBXBuildFile; fileRef = E45A8BBD2ACD98EF00E3035E /* ViewStyle.swift */; };
		E46712DD2ADC25DF006CB15D /* Drop.swift in Sources */ = {isa = PBXBuildFile; fileRef = E43DFB282AD77D74002A6317 /* Drop.swift */; };
		E46712DE2ADC2680006CB15D /* AlbumCover.swift in Sources */ = {isa = PBXBuildFile; fileRef = E4E892362AD3163B005C9DBD /* AlbumCover.swift */; };
		E46712E12ADC2B6E006CB15D /* Komponents in Frameworks */ = {isa = PBXBuildFile; productRef = E46712E02ADC2B6E006CB15D /* Komponents */; };
		E46712E52ADC374E006CB15D /* AlbumsScrollView.swift in Sources */ = {isa = PBXBuildFile; fileRef = E46712E42ADC374E006CB15D /* AlbumsScrollView.swift */; };
		E47162DE2AEC1D540065E9B1 /* View.swift in Sources */ = {isa = PBXBuildFile; fileRef = E47162DD2AEC1D540065E9B1 /* View.swift */; };
		E47765782ACBF21900BA6287 /* CloudKitSyncMonitor in Frameworks */ = {isa = PBXBuildFile; productRef = E47765772ACBF21900BA6287 /* CloudKitSyncMonitor */; };
		E486C9AD2AEA526400FD334E /* SortType.swift in Sources */ = {isa = PBXBuildFile; fileRef = E453B5852AE823F600D45278 /* SortType.swift */; };
		E486C9AE2AEA52F500FD334E /* DataActor.swift in Sources */ = {isa = PBXBuildFile; fileRef = E4C834B92ADEE42B0056D47A /* DataActor.swift */; };
		E49E363F2AE0FEB6005001B2 /* Animations.swift in Sources */ = {isa = PBXBuildFile; fileRef = E49E363E2AE0FEB6005001B2 /* Animations.swift */; };
		E49E36402AE0FEB6005001B2 /* Animations.swift in Sources */ = {isa = PBXBuildFile; fileRef = E49E363E2AE0FEB6005001B2 /* Animations.swift */; };
		E4C834B02ADED6970056D47A /* ButtonStyleModifier.swift in Sources */ = {isa = PBXBuildFile; fileRef = E4C834AF2ADED6970056D47A /* ButtonStyleModifier.swift */; };
		E4C834B12ADED71C0056D47A /* ButtonStyleModifier.swift in Sources */ = {isa = PBXBuildFile; fileRef = E4C834AF2ADED6970056D47A /* ButtonStyleModifier.swift */; };
		E4C834B32ADED7460056D47A /* AlbumDropModifier.swift in Sources */ = {isa = PBXBuildFile; fileRef = E4C834B22ADED7460056D47A /* AlbumDropModifier.swift */; };
		E4C834B42ADED7580056D47A /* AlbumDropModifier.swift in Sources */ = {isa = PBXBuildFile; fileRef = E4C834B22ADED7460056D47A /* AlbumDropModifier.swift */; };
		E4C834B62ADED88D0056D47A /* IllustrationViewerModifier.swift in Sources */ = {isa = PBXBuildFile; fileRef = E4C834B52ADED88D0056D47A /* IllustrationViewerModifier.swift */; };
		E4C834BA2ADEE42B0056D47A /* DataActor.swift in Sources */ = {isa = PBXBuildFile; fileRef = E4C834B92ADEE42B0056D47A /* DataActor.swift */; };
		E4C834C02ADEF40D0056D47A /* AlbumsView.swift in Sources */ = {isa = PBXBuildFile; fileRef = E4C834BF2ADEF40D0056D47A /* AlbumsView.swift */; };
		E4C834C42ADFB2B20056D47A /* AppIcon.swift in Sources */ = {isa = PBXBuildFile; fileRef = E4C834C32ADFB2B20056D47A /* AppIcon.swift */; };
		E4C834C62ADFB2C30056D47A /* MoreAppIconView.swift in Sources */ = {isa = PBXBuildFile; fileRef = E4C834C52ADFB2C30056D47A /* MoreAppIconView.swift */; };
		E4C834C82ADFB3090056D47A /* ListAppIconRow.swift in Sources */ = {isa = PBXBuildFile; fileRef = E4C834C72ADFB3090056D47A /* ListAppIconRow.swift */; };
		E4C904512AE21F390091D879 /* ToggledTransitionModifier.swift in Sources */ = {isa = PBXBuildFile; fileRef = E4C904502AE21F390091D879 /* ToggledTransitionModifier.swift */; };
		E4C904522AE220220091D879 /* ToggledTransitionModifier.swift in Sources */ = {isa = PBXBuildFile; fileRef = E4C904502AE21F390091D879 /* ToggledTransitionModifier.swift */; };
		E4CA0B8E2ACD17190063F06C /* FileManager.swift in Sources */ = {isa = PBXBuildFile; fileRef = E4CA0B8D2ACD17190063F06C /* FileManager.swift */; };
		E4CA0B8F2ACD17C10063F06C /* FileManager.swift in Sources */ = {isa = PBXBuildFile; fileRef = E4CA0B8D2ACD17190063F06C /* FileManager.swift */; };
		E4CA0B912ACD2F8A0063F06C /* RenameAlbumView.swift in Sources */ = {isa = PBXBuildFile; fileRef = E4CA0B902ACD2F8A0063F06C /* RenameAlbumView.swift */; };
		E4CD39A72AD52E9100D03298 /* Thumbnail.swift in Sources */ = {isa = PBXBuildFile; fileRef = E4CD39A62AD52E9100D03298 /* Thumbnail.swift */; };
		E4CD39A82AD52F0800D03298 /* Thumbnail.swift in Sources */ = {isa = PBXBuildFile; fileRef = E4CD39A62AD52E9100D03298 /* Thumbnail.swift */; };
		E4DE2D902ACD570F00F5EA8D /* UIImage.swift in Sources */ = {isa = PBXBuildFile; fileRef = E4DE2D8F2ACD570F00F5EA8D /* UIImage.swift */; };
		E4E73BE22AD56B4C00372D05 /* Defaults.swift in Sources */ = {isa = PBXBuildFile; fileRef = E4E73BE12AD56B4C00372D05 /* Defaults.swift */; };
		E4E73BE32AD56B4C00372D05 /* Defaults.swift in Sources */ = {isa = PBXBuildFile; fileRef = E4E73BE12AD56B4C00372D05 /* Defaults.swift */; };
		E4E8922A2AD2843A005C9DBD /* AlbumsSection.swift in Sources */ = {isa = PBXBuildFile; fileRef = E4E892292AD2843A005C9DBD /* AlbumsSection.swift */; };
		E4E8922E2AD2871A005C9DBD /* IllustrationsGrid.swift in Sources */ = {isa = PBXBuildFile; fileRef = E4E8922D2AD2871A005C9DBD /* IllustrationsGrid.swift */; };
		E4E892302AD28F11005C9DBD /* IllustrationsView.swift in Sources */ = {isa = PBXBuildFile; fileRef = E4E8922F2AD28F11005C9DBD /* IllustrationsView.swift */; };
		E4E892322AD2F3C3005C9DBD /* MoreExperimentsView.swift in Sources */ = {isa = PBXBuildFile; fileRef = E4E892312AD2F3C3005C9DBD /* MoreExperimentsView.swift */; };
		E4E892352AD31058005C9DBD /* IllustrationMoveMenu.swift in Sources */ = {isa = PBXBuildFile; fileRef = E4E892342AD31058005C9DBD /* IllustrationMoveMenu.swift */; };
		E4E892372AD3163B005C9DBD /* AlbumCover.swift in Sources */ = {isa = PBXBuildFile; fileRef = E4E892362AD3163B005C9DBD /* AlbumCover.swift */; };
		E4E892392AD3CA34005C9DBD /* ProgressAlertManager.swift in Sources */ = {isa = PBXBuildFile; fileRef = E4E892382AD3CA34005C9DBD /* ProgressAlertManager.swift */; };
		E4E8923B2AD3CEE6005C9DBD /* MoreOrphansView.swift in Sources */ = {isa = PBXBuildFile; fileRef = E4E8923A2AD3CEE6005C9DBD /* MoreOrphansView.swift */; };
		E4E8923D2AD3CFD5005C9DBD /* MoreTroubleshootingView.swift in Sources */ = {isa = PBXBuildFile; fileRef = E4E8923C2AD3CFD5005C9DBD /* MoreTroubleshootingView.swift */; };
		E4E8923F2AD3DF6F005C9DBD /* MoreDataManagementView.swift in Sources */ = {isa = PBXBuildFile; fileRef = E4E8923E2AD3DF6F005C9DBD /* MoreDataManagementView.swift */; };
		E4E892432AD45DD6005C9DBD /* OptionalImage.swift in Sources */ = {isa = PBXBuildFile; fileRef = E4E892422AD45DD6005C9DBD /* OptionalImage.swift */; };
/* End PBXBuildFile section */

/* Begin PBXContainerItemProxy section */
		E4614D042ACA86ED00D751FB /* PBXContainerItemProxy */ = {
			isa = PBXContainerItemProxy;
			containerPortal = E4614CDB2ACA86C900D751FB /* Project object */;
			proxyType = 1;
			remoteGlobalIDString = E4614CFB2ACA86EC00D751FB;
			remoteInfo = Importer;
		};
/* End PBXContainerItemProxy section */

/* Begin PBXCopyFilesBuildPhase section */
		E4614D0A2ACA86ED00D751FB /* Embed Foundation Extensions */ = {
			isa = PBXCopyFilesBuildPhase;
			buildActionMask = 2147483647;
			dstPath = "";
			dstSubfolderSpec = 13;
			files = (
				E4614D062ACA86ED00D751FB /* Importer.appex in Embed Foundation Extensions */,
			);
			name = "Embed Foundation Extensions";
			runOnlyForDeploymentPostprocessing = 0;
		};
/* End PBXCopyFilesBuildPhase section */

/* Begin PBXFileReference section */
		E43DFB212AD685E0002A6317 /* Assets.xcassets */ = {isa = PBXFileReference; lastKnownFileType = folder.assetcatalog; path = Assets.xcassets; sourceTree = "<group>"; };
		E43DFB232AD69D31002A6317 /* MoreFileManagementView.swift */ = {isa = PBXFileReference; lastKnownFileType = sourcecode.swift; path = MoreFileManagementView.swift; sourceTree = "<group>"; };
		E43DFB282AD77D74002A6317 /* Drop.swift */ = {isa = PBXFileReference; lastKnownFileType = sourcecode.swift; path = Drop.swift; sourceTree = "<group>"; };
		E43DFB2B2AD78220002A6317 /* SwiftData.swift */ = {isa = PBXFileReference; lastKnownFileType = sourcecode.swift; path = SwiftData.swift; sourceTree = "<group>"; };
		E43DFB2E2AD82923002A6317 /* ConcurrencyManager.swift */ = {isa = PBXFileReference; lastKnownFileType = sourcecode.swift; path = ConcurrencyManager.swift; sourceTree = "<group>"; };
		E43DFB312AD8519A002A6317 /* ViewerManager.swift */ = {isa = PBXFileReference; lastKnownFileType = sourcecode.swift; path = ViewerManager.swift; sourceTree = "<group>"; };
		E453B5852AE823F600D45278 /* SortType.swift */ = {isa = PBXFileReference; lastKnownFileType = sourcecode.swift; path = SortType.swift; sourceTree = "<group>"; };
		E453B5872AE83D5600D45278 /* ToggledMatchedGeometryEffectModifier.swift */ = {isa = PBXFileReference; lastKnownFileType = sourcecode.swift; path = ToggledMatchedGeometryEffectModifier.swift; sourceTree = "<group>"; };
		E456E2DC2ADFE9EA00B6E6D8 /* OverlayBackgroundModifier.swift */ = {isa = PBXFileReference; lastKnownFileType = sourcecode.swift; path = OverlayBackgroundModifier.swift; sourceTree = "<group>"; };
		E45A8BBD2ACD98EF00E3035E /* ViewStyle.swift */ = {isa = PBXFileReference; lastKnownFileType = sourcecode.swift; path = ViewStyle.swift; sourceTree = "<group>"; };
		E45A8BC12ACDB5E500E3035E /* AlbumRow.swift */ = {isa = PBXFileReference; lastKnownFileType = sourcecode.swift; path = AlbumRow.swift; sourceTree = "<group>"; };
		E45A8BCB2AD0332000E3035E /* SectionHeader.swift */ = {isa = PBXFileReference; lastKnownFileType = sourcecode.swift; path = SectionHeader.swift; sourceTree = "<group>"; };
		E45A8BCD2AD0362900E3035E /* IllustrationLabel.swift */ = {isa = PBXFileReference; lastKnownFileType = sourcecode.swift; path = IllustrationLabel.swift; sourceTree = "<group>"; };
		E45A8BCF2AD0389600E3035E /* AlbumGridLabel.swift */ = {isa = PBXFileReference; lastKnownFileType = sourcecode.swift; path = AlbumGridLabel.swift; sourceTree = "<group>"; };
		E45A8BD12AD03C5E00E3035E /* AlbumListRow.swift */ = {isa = PBXFileReference; lastKnownFileType = sourcecode.swift; path = AlbumListRow.swift; sourceTree = "<group>"; };
		E45A8BD32AD04A2400E3035E /* SelectionBar.swift */ = {isa = PBXFileReference; lastKnownFileType = sourcecode.swift; path = SelectionBar.swift; sourceTree = "<group>"; };
		E45A8BD52AD04CD100E3035E /* SelectionOverlay.swift */ = {isa = PBXFileReference; lastKnownFileType = sourcecode.swift; path = SelectionOverlay.swift; sourceTree = "<group>"; };
		E45A8BD72AD04E1C00E3035E /* IllustrationViewer.swift */ = {isa = PBXFileReference; lastKnownFileType = sourcecode.swift; path = IllustrationViewer.swift; sourceTree = "<group>"; };
		E45A8BF52AD1029400E3035E /* MainSplitView.swift */ = {isa = PBXFileReference; lastKnownFileType = sourcecode.swift; path = MainSplitView.swift; sourceTree = "<group>"; };
		E45A8BFB2AD1958B00E3035E /* AlbumNavigationStack.swift */ = {isa = PBXFileReference; lastKnownFileType = sourcecode.swift; path = AlbumNavigationStack.swift; sourceTree = "<group>"; };
		E4614CE32ACA86C900D751FB /* PicMate.app */ = {isa = PBXFileReference; explicitFileType = wrapper.application; includeInIndex = 0; path = PicMate.app; sourceTree = BUILT_PRODUCTS_DIR; };
		E4614CE62ACA86C900D751FB /* App.swift */ = {isa = PBXFileReference; lastKnownFileType = sourcecode.swift; path = App.swift; sourceTree = "<group>"; };
		E4614CE82ACA86C900D751FB /* AlbumView.swift */ = {isa = PBXFileReference; lastKnownFileType = sourcecode.swift; path = AlbumView.swift; sourceTree = "<group>"; };
		E4614CEA2ACA86C900D751FB /* Album.swift */ = {isa = PBXFileReference; lastKnownFileType = sourcecode.swift; path = Album.swift; sourceTree = "<group>"; };
		E4614CEC2ACA86CA00D751FB /* Assets.xcassets */ = {isa = PBXFileReference; lastKnownFileType = folder.assetcatalog; path = Assets.xcassets; sourceTree = "<group>"; };
		E4614CF12ACA86CA00D751FB /* IllustMate.entitlements */ = {isa = PBXFileReference; lastKnownFileType = text.plist.entitlements; path = IllustMate.entitlements; sourceTree = "<group>"; };
		E4614CF22ACA86CA00D751FB /* Info.plist */ = {isa = PBXFileReference; lastKnownFileType = text.plist.xml; path = Info.plist; sourceTree = "<group>"; };
		E4614CFC2ACA86EC00D751FB /* Importer.appex */ = {isa = PBXFileReference; explicitFileType = "wrapper.app-extension"; includeInIndex = 0; path = Importer.appex; sourceTree = BUILT_PRODUCTS_DIR; };
		E4614CFE2ACA86EC00D751FB /* ShareViewController.swift */ = {isa = PBXFileReference; lastKnownFileType = sourcecode.swift; path = ShareViewController.swift; sourceTree = "<group>"; };
		E4614D032ACA86ED00D751FB /* Info.plist */ = {isa = PBXFileReference; lastKnownFileType = text.plist.xml; path = Info.plist; sourceTree = "<group>"; };
		E4614D112ACAA7B100D751FB /* Illustration.swift */ = {isa = PBXFileReference; lastKnownFileType = sourcecode.swift; path = Illustration.swift; sourceTree = "<group>"; };
		E4614D162ACAB66600D751FB /* MainTabView.swift */ = {isa = PBXFileReference; lastKnownFileType = sourcecode.swift; path = MainTabView.swift; sourceTree = "<group>"; };
		E4614D1B2ACAF42000D751FB /* Localizable.xcstrings */ = {isa = PBXFileReference; lastKnownFileType = text.json.xcstrings; path = Localizable.xcstrings; sourceTree = "<group>"; };
		E4614D1D2ACAF8C100D751FB /* NewAlbumView.swift */ = {isa = PBXFileReference; lastKnownFileType = sourcecode.swift; path = NewAlbumView.swift; sourceTree = "<group>"; };
		E4614D222ACB00B200D751FB /* Importer.entitlements */ = {isa = PBXFileReference; lastKnownFileType = text.plist.entitlements; path = Importer.entitlements; sourceTree = "<group>"; };
		E4614D232ACB048000D751FB /* MoreView.swift */ = {isa = PBXFileReference; lastKnownFileType = sourcecode.swift; path = MoreView.swift; sourceTree = "<group>"; };
		E4614D252ACB08E600D751FB /* Localizable.xcstrings */ = {isa = PBXFileReference; lastKnownFileType = text.json.xcstrings; path = Localizable.xcstrings; sourceTree = "<group>"; };
		E4614D2B2ACB0FD800D751FB /* ViewPath.swift */ = {isa = PBXFileReference; lastKnownFileType = sourcecode.swift; path = ViewPath.swift; sourceTree = "<group>"; };
		E4614D2D2ACB0FF500D751FB /* TabType.swift */ = {isa = PBXFileReference; lastKnownFileType = sourcecode.swift; path = TabType.swift; sourceTree = "<group>"; };
		E4614D2F2ACB100B00D751FB /* NavigationManager.swift */ = {isa = PBXFileReference; lastKnownFileType = sourcecode.swift; path = NavigationManager.swift; sourceTree = "<group>"; };
		E4614D312ACB103200D751FB /* TabManager.swift */ = {isa = PBXFileReference; lastKnownFileType = sourcecode.swift; path = TabManager.swift; sourceTree = "<group>"; };
		E4614D372ACB1C9800D751FB /* InfoPlist.xcstrings */ = {isa = PBXFileReference; lastKnownFileType = text.json.xcstrings; path = InfoPlist.xcstrings; sourceTree = "<group>"; };
		E4614D392ACB274700D751FB /* CollectionView.swift */ = {isa = PBXFileReference; lastKnownFileType = sourcecode.swift; path = CollectionView.swift; sourceTree = "<group>"; };
		E4614D452ACB417500D751FB /* ImporterView.swift */ = {isa = PBXFileReference; lastKnownFileType = sourcecode.swift; path = ImporterView.swift; sourceTree = "<group>"; };
		E4614D472ACB46D700D751FB /* ProgressAlert.swift */ = {isa = PBXFileReference; lastKnownFileType = sourcecode.swift; path = ProgressAlert.swift; sourceTree = "<group>"; };
		E463671A2ADC4BC90056F3C4 /* InfoPlist.xcstrings */ = {isa = PBXFileReference; lastKnownFileType = text.json.xcstrings; path = InfoPlist.xcstrings; sourceTree = "<group>"; };
		E46712D22ADA55E7006CB15D /* AlbumMoveMenu.swift */ = {isa = PBXFileReference; lastKnownFileType = sourcecode.swift; path = AlbumMoveMenu.swift; sourceTree = "<group>"; };
		E46712D42ADC17ED006CB15D /* AlbumView+Functions.swift */ = {isa = PBXFileReference; lastKnownFileType = sourcecode.swift; path = "AlbumView+Functions.swift"; sourceTree = "<group>"; };
		E46712D62ADC24AF006CB15D /* ShareView.swift */ = {isa = PBXFileReference; lastKnownFileType = sourcecode.swift; path = ShareView.swift; sourceTree = "<group>"; };
		E46712E42ADC374E006CB15D /* AlbumsScrollView.swift */ = {isa = PBXFileReference; lastKnownFileType = sourcecode.swift; path = AlbumsScrollView.swift; sourceTree = "<group>"; };
		E47162DD2AEC1D540065E9B1 /* View.swift */ = {isa = PBXFileReference; lastKnownFileType = sourcecode.swift; path = View.swift; sourceTree = "<group>"; };
		E49E363E2AE0FEB6005001B2 /* Animations.swift */ = {isa = PBXFileReference; lastKnownFileType = sourcecode.swift; path = Animations.swift; sourceTree = "<group>"; };
		E4C834AF2ADED6970056D47A /* ButtonStyleModifier.swift */ = {isa = PBXFileReference; lastKnownFileType = sourcecode.swift; path = ButtonStyleModifier.swift; sourceTree = "<group>"; };
		E4C834B22ADED7460056D47A /* AlbumDropModifier.swift */ = {isa = PBXFileReference; lastKnownFileType = sourcecode.swift; path = AlbumDropModifier.swift; sourceTree = "<group>"; };
		E4C834B52ADED88D0056D47A /* IllustrationViewerModifier.swift */ = {isa = PBXFileReference; lastKnownFileType = sourcecode.swift; path = IllustrationViewerModifier.swift; sourceTree = "<group>"; };
		E4C834B92ADEE42B0056D47A /* DataActor.swift */ = {isa = PBXFileReference; lastKnownFileType = sourcecode.swift; path = DataActor.swift; sourceTree = "<group>"; };
		E4C834BF2ADEF40D0056D47A /* AlbumsView.swift */ = {isa = PBXFileReference; lastKnownFileType = sourcecode.swift; path = AlbumsView.swift; sourceTree = "<group>"; };
		E4C834C32ADFB2B20056D47A /* AppIcon.swift */ = {isa = PBXFileReference; lastKnownFileType = sourcecode.swift; path = AppIcon.swift; sourceTree = "<group>"; };
		E4C834C52ADFB2C30056D47A /* MoreAppIconView.swift */ = {isa = PBXFileReference; lastKnownFileType = sourcecode.swift; path = MoreAppIconView.swift; sourceTree = "<group>"; };
		E4C834C72ADFB3090056D47A /* ListAppIconRow.swift */ = {isa = PBXFileReference; lastKnownFileType = sourcecode.swift; path = ListAppIconRow.swift; sourceTree = "<group>"; };
		E4C904502AE21F390091D879 /* ToggledTransitionModifier.swift */ = {isa = PBXFileReference; lastKnownFileType = sourcecode.swift; path = ToggledTransitionModifier.swift; sourceTree = "<group>"; };
		E4CA0B8D2ACD17190063F06C /* FileManager.swift */ = {isa = PBXFileReference; lastKnownFileType = sourcecode.swift; path = FileManager.swift; sourceTree = "<group>"; };
		E4CA0B902ACD2F8A0063F06C /* RenameAlbumView.swift */ = {isa = PBXFileReference; lastKnownFileType = sourcecode.swift; path = RenameAlbumView.swift; sourceTree = "<group>"; };
		E4CD39A62AD52E9100D03298 /* Thumbnail.swift */ = {isa = PBXFileReference; lastKnownFileType = sourcecode.swift; path = Thumbnail.swift; sourceTree = "<group>"; };
		E4DE2D8F2ACD570F00F5EA8D /* UIImage.swift */ = {isa = PBXFileReference; lastKnownFileType = sourcecode.swift; path = UIImage.swift; sourceTree = "<group>"; };
		E4E73BE12AD56B4C00372D05 /* Defaults.swift */ = {isa = PBXFileReference; lastKnownFileType = sourcecode.swift; path = Defaults.swift; sourceTree = "<group>"; };
		E4E892292AD2843A005C9DBD /* AlbumsSection.swift */ = {isa = PBXFileReference; lastKnownFileType = sourcecode.swift; path = AlbumsSection.swift; sourceTree = "<group>"; };
		E4E8922D2AD2871A005C9DBD /* IllustrationsGrid.swift */ = {isa = PBXFileReference; lastKnownFileType = sourcecode.swift; path = IllustrationsGrid.swift; sourceTree = "<group>"; };
		E4E8922F2AD28F11005C9DBD /* IllustrationsView.swift */ = {isa = PBXFileReference; lastKnownFileType = sourcecode.swift; path = IllustrationsView.swift; sourceTree = "<group>"; };
		E4E892312AD2F3C3005C9DBD /* MoreExperimentsView.swift */ = {isa = PBXFileReference; lastKnownFileType = sourcecode.swift; path = MoreExperimentsView.swift; sourceTree = "<group>"; };
		E4E892342AD31058005C9DBD /* IllustrationMoveMenu.swift */ = {isa = PBXFileReference; lastKnownFileType = sourcecode.swift; path = IllustrationMoveMenu.swift; sourceTree = "<group>"; };
		E4E892362AD3163B005C9DBD /* AlbumCover.swift */ = {isa = PBXFileReference; lastKnownFileType = sourcecode.swift; path = AlbumCover.swift; sourceTree = "<group>"; };
		E4E892382AD3CA34005C9DBD /* ProgressAlertManager.swift */ = {isa = PBXFileReference; lastKnownFileType = sourcecode.swift; path = ProgressAlertManager.swift; sourceTree = "<group>"; };
		E4E8923A2AD3CEE6005C9DBD /* MoreOrphansView.swift */ = {isa = PBXFileReference; lastKnownFileType = sourcecode.swift; path = MoreOrphansView.swift; sourceTree = "<group>"; };
		E4E8923C2AD3CFD5005C9DBD /* MoreTroubleshootingView.swift */ = {isa = PBXFileReference; lastKnownFileType = sourcecode.swift; path = MoreTroubleshootingView.swift; sourceTree = "<group>"; };
		E4E8923E2AD3DF6F005C9DBD /* MoreDataManagementView.swift */ = {isa = PBXFileReference; lastKnownFileType = sourcecode.swift; path = MoreDataManagementView.swift; sourceTree = "<group>"; };
		E4E892422AD45DD6005C9DBD /* OptionalImage.swift */ = {isa = PBXFileReference; lastKnownFileType = sourcecode.swift; path = OptionalImage.swift; sourceTree = "<group>"; };
/* End PBXFileReference section */

/* Begin PBXFrameworksBuildPhase section */
		E4614CE02ACA86C900D751FB /* Frameworks */ = {
			isa = PBXFrameworksBuildPhase;
			buildActionMask = 2147483647;
			files = (
				E4614D1A2ACAB6AD00D751FB /* Komponents in Frameworks */,
				E47765782ACBF21900BA6287 /* CloudKitSyncMonitor in Frameworks */,
			);
			runOnlyForDeploymentPostprocessing = 0;
		};
		E4614CF92ACA86EC00D751FB /* Frameworks */ = {
			isa = PBXFrameworksBuildPhase;
			buildActionMask = 2147483647;
			files = (
				E46712E12ADC2B6E006CB15D /* Komponents in Frameworks */,
			);
			runOnlyForDeploymentPostprocessing = 0;
		};
/* End PBXFrameworksBuildPhase section */

/* Begin PBXGroup section */
		E4614CDA2ACA86C900D751FB = {
			isa = PBXGroup;
			children = (
				E4614D0F2ACAA78900D751FB /* Shared */,
				E4614CE52ACA86C900D751FB /* IllustMate */,
				E4614CFD2ACA86EC00D751FB /* Importer */,
				E4614CE42ACA86C900D751FB /* Products */,
				E46712DF2ADC2B6E006CB15D /* Frameworks */,
			);
			sourceTree = "<group>";
		};
		E4614CE42ACA86C900D751FB /* Products */ = {
			isa = PBXGroup;
			children = (
				E4614CE32ACA86C900D751FB /* PicMate.app */,
				E4614CFC2ACA86EC00D751FB /* Importer.appex */,
			);
			name = Products;
			sourceTree = "<group>";
		};
		E4614CE52ACA86C900D751FB /* IllustMate */ = {
			isa = PBXGroup;
			children = (
				E4614CF12ACA86CA00D751FB /* IllustMate.entitlements */,
				E4614CF22ACA86CA00D751FB /* Info.plist */,
				E4614CEC2ACA86CA00D751FB /* Assets.xcassets */,
				E4614D372ACB1C9800D751FB /* InfoPlist.xcstrings */,
				E4614D1B2ACAF42000D751FB /* Localizable.xcstrings */,
				E4C834C12ADFAF750056D47A /* Icons */,
				E4614D332ACB11A100D751FB /* Views */,
				E4C834AE2ADED67D0056D47A /* View Modifiers */,
				E4C834C22ADFB2A70056D47A /* Structs */,
				E4614D292ACB0FC500D751FB /* Classes */,
				E4614D2A2ACB0FCA00D751FB /* Enums */,
				E4DE2D8E2ACD56FB00F5EA8D /* Utilities */,
			);
			path = IllustMate;
			sourceTree = "<group>";
		};
		E4614CFD2ACA86EC00D751FB /* Importer */ = {
			isa = PBXGroup;
			children = (
				E4614D222ACB00B200D751FB /* Importer.entitlements */,
				E4614D032ACA86ED00D751FB /* Info.plist */,
				E43DFB212AD685E0002A6317 /* Assets.xcassets */,
				E463671A2ADC4BC90056F3C4 /* InfoPlist.xcstrings */,
				E4614D252ACB08E600D751FB /* Localizable.xcstrings */,
				E4614CFE2ACA86EC00D751FB /* ShareViewController.swift */,
				E46712D62ADC24AF006CB15D /* ShareView.swift */,
				E46712E42ADC374E006CB15D /* AlbumsScrollView.swift */,
			);
			path = Importer;
			sourceTree = "<group>";
		};
		E4614D0F2ACAA78900D751FB /* Shared */ = {
			isa = PBXGroup;
			children = (
				E4614D102ACAA7A500D751FB /* Data Models */,
				E4CA0B8D2ACD17190063F06C /* FileManager.swift */,
				E4E73BE12AD56B4C00372D05 /* Defaults.swift */,
				E4C834B92ADEE42B0056D47A /* DataActor.swift */,
				E43DFB2B2AD78220002A6317 /* SwiftData.swift */,
			);
			path = Shared;
			sourceTree = "<group>";
		};
		E4614D102ACAA7A500D751FB /* Data Models */ = {
			isa = PBXGroup;
			children = (
				E4614CEA2ACA86C900D751FB /* Album.swift */,
				E4614D112ACAA7B100D751FB /* Illustration.swift */,
				E4CD39A62AD52E9100D03298 /* Thumbnail.swift */,
			);
			path = "Data Models";
			sourceTree = "<group>";
		};
		E4614D292ACB0FC500D751FB /* Classes */ = {
			isa = PBXGroup;
			children = (
				E43DFB2E2AD82923002A6317 /* ConcurrencyManager.swift */,
				E43DFB312AD8519A002A6317 /* ViewerManager.swift */,
				E4E892382AD3CA34005C9DBD /* ProgressAlertManager.swift */,
				E4614D2F2ACB100B00D751FB /* NavigationManager.swift */,
				E4614D312ACB103200D751FB /* TabManager.swift */,
			);
			path = Classes;
			sourceTree = "<group>";
		};
		E4614D2A2ACB0FCA00D751FB /* Enums */ = {
			isa = PBXGroup;
			children = (
				E43DFB282AD77D74002A6317 /* Drop.swift */,
				E453B5852AE823F600D45278 /* SortType.swift */,
				E45A8BBD2ACD98EF00E3035E /* ViewStyle.swift */,
				E4614D2B2ACB0FD800D751FB /* ViewPath.swift */,
				E4614D2D2ACB0FF500D751FB /* TabType.swift */,
			);
			path = Enums;
			sourceTree = "<group>";
		};
		E4614D332ACB11A100D751FB /* Views */ = {
			isa = PBXGroup;
			children = (
				E4614CE62ACA86C900D751FB /* App.swift */,
				E4614D162ACAB66600D751FB /* MainTabView.swift */,
				E45A8BF52AD1029400E3035E /* MainSplitView.swift */,
				E45A8BFB2AD1958B00E3035E /* AlbumNavigationStack.swift */,
				E4614D342ACB11AC00D751FB /* Collection */,
				E4C834BE2ADEF4000056D47A /* Albums */,
				E4C834BD2ADEF3EF0056D47A /* Illustrations */,
				E4E892332AD2F4CE005C9DBD /* More */,
				E4614D3F2ACB2B7D00D751FB /* Shared */,
			);
			path = Views;
			sourceTree = "<group>";
		};
		E4614D342ACB11AC00D751FB /* Collection */ = {
			isa = PBXGroup;
			children = (
				E4614D392ACB274700D751FB /* CollectionView.swift */,
				E4614CE82ACA86C900D751FB /* AlbumView.swift */,
				E46712D42ADC17ED006CB15D /* AlbumView+Functions.swift */,
				E45A8BCB2AD0332000E3035E /* SectionHeader.swift */,
				E4E892292AD2843A005C9DBD /* AlbumsSection.swift */,
				E45A8BCF2AD0389600E3035E /* AlbumGridLabel.swift */,
				E45A8BD12AD03C5E00E3035E /* AlbumListRow.swift */,
				E46712D22ADA55E7006CB15D /* AlbumMoveMenu.swift */,
				E4E8922D2AD2871A005C9DBD /* IllustrationsGrid.swift */,
				E45A8BCD2AD0362900E3035E /* IllustrationLabel.swift */,
				E4E892342AD31058005C9DBD /* IllustrationMoveMenu.swift */,
				E4614D1D2ACAF8C100D751FB /* NewAlbumView.swift */,
				E4CA0B902ACD2F8A0063F06C /* RenameAlbumView.swift */,
				E4614D452ACB417500D751FB /* ImporterView.swift */,
			);
			path = Collection;
			sourceTree = "<group>";
		};
		E4614D3F2ACB2B7D00D751FB /* Shared */ = {
			isa = PBXGroup;
			children = (
				E45A8BC12ACDB5E500E3035E /* AlbumRow.swift */,
				E4E892362AD3163B005C9DBD /* AlbumCover.swift */,
				E45A8BD32AD04A2400E3035E /* SelectionBar.swift */,
				E45A8BD52AD04CD100E3035E /* SelectionOverlay.swift */,
				E45A8BD72AD04E1C00E3035E /* IllustrationViewer.swift */,
				E4E892422AD45DD6005C9DBD /* OptionalImage.swift */,
				E4614D472ACB46D700D751FB /* ProgressAlert.swift */,
				E4C834C72ADFB3090056D47A /* ListAppIconRow.swift */,
			);
			path = Shared;
			sourceTree = "<group>";
		};
		E46712DF2ADC2B6E006CB15D /* Frameworks */ = {
			isa = PBXGroup;
			children = (
			);
			name = Frameworks;
			sourceTree = "<group>";
		};
		E4C834AE2ADED67D0056D47A /* View Modifiers */ = {
			isa = PBXGroup;
			children = (
				E4C834B22ADED7460056D47A /* AlbumDropModifier.swift */,
				E4C834AF2ADED6970056D47A /* ButtonStyleModifier.swift */,
				E4C834B52ADED88D0056D47A /* IllustrationViewerModifier.swift */,
				E456E2DC2ADFE9EA00B6E6D8 /* OverlayBackgroundModifier.swift */,
				E453B5872AE83D5600D45278 /* ToggledMatchedGeometryEffectModifier.swift */,
				E4C904502AE21F390091D879 /* ToggledTransitionModifier.swift */,
			);
			path = "View Modifiers";
			sourceTree = "<group>";
		};
		E4C834BD2ADEF3EF0056D47A /* Illustrations */ = {
			isa = PBXGroup;
			children = (
				E4E8922F2AD28F11005C9DBD /* IllustrationsView.swift */,
			);
			path = Illustrations;
			sourceTree = "<group>";
		};
		E4C834BE2ADEF4000056D47A /* Albums */ = {
			isa = PBXGroup;
			children = (
				E4C834BF2ADEF40D0056D47A /* AlbumsView.swift */,
			);
			path = Albums;
			sourceTree = "<group>";
		};
		E4C834C12ADFAF750056D47A /* Icons */ = {
			isa = PBXGroup;
			children = (
			);
			path = Icons;
			sourceTree = "<group>";
		};
		E4C834C22ADFB2A70056D47A /* Structs */ = {
			isa = PBXGroup;
			children = (
				E4C834C32ADFB2B20056D47A /* AppIcon.swift */,
			);
			path = Structs;
			sourceTree = "<group>";
		};
		E4DE2D8E2ACD56FB00F5EA8D /* Utilities */ = {
			isa = PBXGroup;
			children = (
				E49E363E2AE0FEB6005001B2 /* Animations.swift */,
				E4DE2D8F2ACD570F00F5EA8D /* UIImage.swift */,
				E47162DD2AEC1D540065E9B1 /* View.swift */,
			);
			path = Utilities;
			sourceTree = "<group>";
		};
		E4E892332AD2F4CE005C9DBD /* More */ = {
			isa = PBXGroup;
			children = (
				E4614D232ACB048000D751FB /* MoreView.swift */,
				E4E8923E2AD3DF6F005C9DBD /* MoreDataManagementView.swift */,
				E43DFB232AD69D31002A6317 /* MoreFileManagementView.swift */,
				E4E8923A2AD3CEE6005C9DBD /* MoreOrphansView.swift */,
				E4C834C52ADFB2C30056D47A /* MoreAppIconView.swift */,
				E4E892312AD2F3C3005C9DBD /* MoreExperimentsView.swift */,
				E4E8923C2AD3CFD5005C9DBD /* MoreTroubleshootingView.swift */,
			);
			path = More;
			sourceTree = "<group>";
		};
/* End PBXGroup section */

/* Begin PBXNativeTarget section */
		E4614CE22ACA86C900D751FB /* PicMate */ = {
			isa = PBXNativeTarget;
			buildConfigurationList = E4614CF52ACA86CA00D751FB /* Build configuration list for PBXNativeTarget "PicMate" */;
			buildPhases = (
				E4614CDF2ACA86C900D751FB /* Sources */,
				E4614CE02ACA86C900D751FB /* Frameworks */,
				E4614CE12ACA86C900D751FB /* Resources */,
				E4614D0A2ACA86ED00D751FB /* Embed Foundation Extensions */,
				E4614D1F2ACAFCF200D751FB /* ShellScript */,
			);
			buildRules = (
			);
			dependencies = (
				E4614D052ACA86ED00D751FB /* PBXTargetDependency */,
			);
			name = PicMate;
			packageProductDependencies = (
				E4614D192ACAB6AD00D751FB /* Komponents */,
				E47765772ACBF21900BA6287 /* CloudKitSyncMonitor */,
			);
			productName = IllustMate;
			productReference = E4614CE32ACA86C900D751FB /* PicMate.app */;
			productType = "com.apple.product-type.application";
		};
		E4614CFB2ACA86EC00D751FB /* Importer */ = {
			isa = PBXNativeTarget;
			buildConfigurationList = E4614D072ACA86ED00D751FB /* Build configuration list for PBXNativeTarget "Importer" */;
			buildPhases = (
				E4614CF82ACA86EC00D751FB /* Sources */,
				E4614CF92ACA86EC00D751FB /* Frameworks */,
				E4614CFA2ACA86EC00D751FB /* Resources */,
			);
			buildRules = (
			);
			dependencies = (
			);
			name = Importer;
			packageProductDependencies = (
				E46712E02ADC2B6E006CB15D /* Komponents */,
			);
			productName = Importer;
			productReference = E4614CFC2ACA86EC00D751FB /* Importer.appex */;
			productType = "com.apple.product-type.app-extension";
		};
/* End PBXNativeTarget section */

/* Begin PBXProject section */
		E4614CDB2ACA86C900D751FB /* Project object */ = {
			isa = PBXProject;
			attributes = {
				BuildIndependentTargetsInParallel = 1;
				LastSwiftUpdateCheck = 1500;
				LastUpgradeCheck = 1510;
				TargetAttributes = {
					E4614CE22ACA86C900D751FB = {
						CreatedOnToolsVersion = 15.0;
					};
					E4614CFB2ACA86EC00D751FB = {
						CreatedOnToolsVersion = 15.0;
					};
				};
			};
			buildConfigurationList = E4614CDE2ACA86C900D751FB /* Build configuration list for PBXProject "IllustMate" */;
			compatibilityVersion = "Xcode 14.0";
			developmentRegion = en;
			hasScannedForEncodings = 0;
			knownRegions = (
				en,
				Base,
				ja,
			);
			mainGroup = E4614CDA2ACA86C900D751FB;
			packageReferences = (
				E4614D182ACAB6AD00D751FB /* XCRemoteSwiftPackageReference "Komponents" */,
				E47765762ACBF21900BA6287 /* XCRemoteSwiftPackageReference "CloudKitSyncMonitor" */,
			);
			productRefGroup = E4614CE42ACA86C900D751FB /* Products */;
			projectDirPath = "";
			projectRoot = "";
			targets = (
				E4614CE22ACA86C900D751FB /* PicMate */,
				E4614CFB2ACA86EC00D751FB /* Importer */,
			);
		};
/* End PBXProject section */

/* Begin PBXResourcesBuildPhase section */
		E4614CE12ACA86C900D751FB /* Resources */ = {
			isa = PBXResourcesBuildPhase;
			buildActionMask = 2147483647;
			files = (
				E4614D382ACB1C9800D751FB /* InfoPlist.xcstrings in Resources */,
				E4614D1C2ACAF42000D751FB /* Localizable.xcstrings in Resources */,
				E4614CED2ACA86CA00D751FB /* Assets.xcassets in Resources */,
			);
			runOnlyForDeploymentPostprocessing = 0;
		};
		E4614CFA2ACA86EC00D751FB /* Resources */ = {
			isa = PBXResourcesBuildPhase;
			buildActionMask = 2147483647;
			files = (
				E463671B2ADC4BC90056F3C4 /* InfoPlist.xcstrings in Resources */,
				E4614D262ACB08E600D751FB /* Localizable.xcstrings in Resources */,
				E43DFB222AD685E0002A6317 /* Assets.xcassets in Resources */,
			);
			runOnlyForDeploymentPostprocessing = 0;
		};
/* End PBXResourcesBuildPhase section */

/* Begin PBXShellScriptBuildPhase section */
		E4614D1F2ACAFCF200D751FB /* ShellScript */ = {
			isa = PBXShellScriptBuildPhase;
			alwaysOutOfDate = 1;
			buildActionMask = 2147483647;
			files = (
			);
			inputFileListPaths = (
			);
			inputPaths = (
			);
			outputFileListPaths = (
			);
			outputPaths = (
			);
			runOnlyForDeploymentPostprocessing = 0;
			shellPath = /bin/sh;
			shellScript = "export PATH=\"$PATH:/opt/homebrew/bin\"\nif which swiftlint > /dev/null; then\n  swiftlint\nelse\n  echo \"warning: SwiftLint not installed, download from https://github.com/realm/SwiftLint\"\nfi\n";
		};
/* End PBXShellScriptBuildPhase section */

/* Begin PBXSourcesBuildPhase section */
		E4614CDF2ACA86C900D751FB /* Sources */ = {
			isa = PBXSourcesBuildPhase;
			buildActionMask = 2147483647;
			files = (
				E45A8BD02AD0389600E3035E /* AlbumGridLabel.swift in Sources */,
				E4614D242ACB048000D751FB /* MoreView.swift in Sources */,
				E4E892352AD31058005C9DBD /* IllustrationMoveMenu.swift in Sources */,
				E4C834BA2ADEE42B0056D47A /* DataActor.swift in Sources */,
				E4E8923F2AD3DF6F005C9DBD /* MoreDataManagementView.swift in Sources */,
				E47162DE2AEC1D540065E9B1 /* View.swift in Sources */,
				E4E8923B2AD3CEE6005C9DBD /* MoreOrphansView.swift in Sources */,
				E45A8BFC2AD1958B00E3035E /* AlbumNavigationStack.swift in Sources */,
				E45A8BD22AD03C5E00E3035E /* AlbumListRow.swift in Sources */,
				E4E8922A2AD2843A005C9DBD /* AlbumsSection.swift in Sources */,
				E45A8BD82AD04E1C00E3035E /* IllustrationViewer.swift in Sources */,
				E4C834C42ADFB2B20056D47A /* AppIcon.swift in Sources */,
				E4DE2D902ACD570F00F5EA8D /* UIImage.swift in Sources */,
				E4614D2C2ACB0FD800D751FB /* ViewPath.swift in Sources */,
				E4C904512AE21F390091D879 /* ToggledTransitionModifier.swift in Sources */,
				E4614CE92ACA86C900D751FB /* AlbumView.swift in Sources */,
				E43DFB2D2AD78224002A6317 /* SwiftData.swift in Sources */,
				E4E8922E2AD2871A005C9DBD /* IllustrationsGrid.swift in Sources */,
				E4CA0B912ACD2F8A0063F06C /* RenameAlbumView.swift in Sources */,
				E4614CEB2ACA86C900D751FB /* Album.swift in Sources */,
				E4614CE72ACA86C900D751FB /* App.swift in Sources */,
				E45A8BBE2ACD98EF00E3035E /* ViewStyle.swift in Sources */,
				E4614D3A2ACB274700D751FB /* CollectionView.swift in Sources */,
				E4C834C02ADEF40D0056D47A /* AlbumsView.swift in Sources */,
				E4E892392AD3CA34005C9DBD /* ProgressAlertManager.swift in Sources */,
				E4E73BE22AD56B4C00372D05 /* Defaults.swift in Sources */,
				E4614D462ACB417500D751FB /* ImporterView.swift in Sources */,
				E4CA0B8E2ACD17190063F06C /* FileManager.swift in Sources */,
				E43DFB302AD82A20002A6317 /* ConcurrencyManager.swift in Sources */,
				E4E892322AD2F3C3005C9DBD /* MoreExperimentsView.swift in Sources */,
				E45A8BCC2AD0332000E3035E /* SectionHeader.swift in Sources */,
				E43DFB252AD69D95002A6317 /* MoreFileManagementView.swift in Sources */,
				E49E363F2AE0FEB6005001B2 /* Animations.swift in Sources */,
				E4614D482ACB46D700D751FB /* ProgressAlert.swift in Sources */,
				E4614D1E2ACAF8C100D751FB /* NewAlbumView.swift in Sources */,
				E45A8BC22ACDB5E500E3035E /* AlbumRow.swift in Sources */,
				E45A8BCE2AD0362900E3035E /* IllustrationLabel.swift in Sources */,
				E4C834B02ADED6970056D47A /* ButtonStyleModifier.swift in Sources */,
				E4614D132ACAA7BF00D751FB /* Illustration.swift in Sources */,
				E4C834B62ADED88D0056D47A /* IllustrationViewerModifier.swift in Sources */,
				E456E2DD2ADFE9EA00B6E6D8 /* OverlayBackgroundModifier.swift in Sources */,
				E4614D322ACB103200D751FB /* TabManager.swift in Sources */,
				E4E8923D2AD3CFD5005C9DBD /* MoreTroubleshootingView.swift in Sources */,
				E4E892432AD45DD6005C9DBD /* OptionalImage.swift in Sources */,
				E453B5862AE823F600D45278 /* SortType.swift in Sources */,
				E4E892302AD28F11005C9DBD /* IllustrationsView.swift in Sources */,
				E43DFB2A2AD7804A002A6317 /* Drop.swift in Sources */,
				E4C834B32ADED7460056D47A /* AlbumDropModifier.swift in Sources */,
				E4CD39A72AD52E9100D03298 /* Thumbnail.swift in Sources */,
				E4C834C82ADFB3090056D47A /* ListAppIconRow.swift in Sources */,
				E45A8BD42AD04A2400E3035E /* SelectionBar.swift in Sources */,
				E43DFB332AD851BA002A6317 /* ViewerManager.swift in Sources */,
				E4614D172ACAB66600D751FB /* MainTabView.swift in Sources */,
				E4C834C62ADFB2C30056D47A /* MoreAppIconView.swift in Sources */,
				E45A8BD62AD04CD100E3035E /* SelectionOverlay.swift in Sources */,
				E453B5882AE83D5600D45278 /* ToggledMatchedGeometryEffectModifier.swift in Sources */,
				E46712D32ADA55E7006CB15D /* AlbumMoveMenu.swift in Sources */,
				E45A8BF62AD1029400E3035E /* MainSplitView.swift in Sources */,
				E4614D2E2ACB0FF500D751FB /* TabType.swift in Sources */,
				E46712D52ADC17ED006CB15D /* AlbumView+Functions.swift in Sources */,
				E4614D302ACB100B00D751FB /* NavigationManager.swift in Sources */,
				E4E892372AD3163B005C9DBD /* AlbumCover.swift in Sources */,
			);
			runOnlyForDeploymentPostprocessing = 0;
		};
		E4614CF82ACA86EC00D751FB /* Sources */ = {
			isa = PBXSourcesBuildPhase;
			buildActionMask = 2147483647;
			files = (
				E46712D92ADC2593006CB15D /* AlbumsSection.swift in Sources */,
				E4614CFF2ACA86EC00D751FB /* ShareViewController.swift in Sources */,
				E4C834B12ADED71C0056D47A /* ButtonStyleModifier.swift in Sources */,
				E46712E52ADC374E006CB15D /* AlbumsScrollView.swift in Sources */,
				E4E73BE32AD56B4C00372D05 /* Defaults.swift in Sources */,
				E486C9AE2AEA52F500FD334E /* DataActor.swift in Sources */,
				E46712DB2ADC2597006CB15D /* AlbumListRow.swift in Sources */,
				E49E36402AE0FEB6005001B2 /* Animations.swift in Sources */,
				E4C904522AE220220091D879 /* ToggledTransitionModifier.swift in Sources */,
				E46712DC2ADC25D1006CB15D /* ViewStyle.swift in Sources */,
				E45A8BC52ACF13F700E3035E /* UIImage.swift in Sources */,
				E43DFB2C2AD78220002A6317 /* SwiftData.swift in Sources */,
				E486C9AD2AEA526400FD334E /* SortType.swift in Sources */,
				E4CD39A82AD52F0800D03298 /* Thumbnail.swift in Sources */,
				E46712DD2ADC25DF006CB15D /* Drop.swift in Sources */,
				E453B5892AE83E3400D45278 /* ToggledMatchedGeometryEffectModifier.swift in Sources */,
				E46712DA2ADC2595006CB15D /* AlbumGridLabel.swift in Sources */,
				E4614D212ACAFF6000D751FB /* Illustration.swift in Sources */,
				E46712DE2ADC2680006CB15D /* AlbumCover.swift in Sources */,
				E46712D72ADC24AF006CB15D /* ShareView.swift in Sources */,
				E4C834B42ADED7580056D47A /* AlbumDropModifier.swift in Sources */,
				E46712D82ADC2549006CB15D /* ViewPath.swift in Sources */,
				E4614D202ACAFF5E00D751FB /* Album.swift in Sources */,
				E4CA0B8F2ACD17C10063F06C /* FileManager.swift in Sources */,
			);
			runOnlyForDeploymentPostprocessing = 0;
		};
/* End PBXSourcesBuildPhase section */

/* Begin PBXTargetDependency section */
		E4614D052ACA86ED00D751FB /* PBXTargetDependency */ = {
			isa = PBXTargetDependency;
			target = E4614CFB2ACA86EC00D751FB /* Importer */;
			targetProxy = E4614D042ACA86ED00D751FB /* PBXContainerItemProxy */;
		};
/* End PBXTargetDependency section */

/* Begin XCBuildConfiguration section */
		E4614CF32ACA86CA00D751FB /* Debug */ = {
			isa = XCBuildConfiguration;
			buildSettings = {
				ALWAYS_SEARCH_USER_PATHS = NO;
				ASSETCATALOG_COMPILER_GENERATE_SWIFT_ASSET_SYMBOL_EXTENSIONS = YES;
				CLANG_ANALYZER_LOCALIZABILITY_NONLOCALIZED = YES;
				CLANG_ANALYZER_NONNULL = YES;
				CLANG_ANALYZER_NUMBER_OBJECT_CONVERSION = YES_AGGRESSIVE;
				CLANG_CXX_LANGUAGE_STANDARD = "gnu++20";
				CLANG_ENABLE_MODULES = YES;
				CLANG_ENABLE_OBJC_ARC = YES;
				CLANG_ENABLE_OBJC_WEAK = YES;
				CLANG_WARN_BLOCK_CAPTURE_AUTORELEASING = YES;
				CLANG_WARN_BOOL_CONVERSION = YES;
				CLANG_WARN_COMMA = YES;
				CLANG_WARN_CONSTANT_CONVERSION = YES;
				CLANG_WARN_DEPRECATED_OBJC_IMPLEMENTATIONS = YES;
				CLANG_WARN_DIRECT_OBJC_ISA_USAGE = YES_ERROR;
				CLANG_WARN_DOCUMENTATION_COMMENTS = YES;
				CLANG_WARN_EMPTY_BODY = YES;
				CLANG_WARN_ENUM_CONVERSION = YES;
				CLANG_WARN_INFINITE_RECURSION = YES;
				CLANG_WARN_INT_CONVERSION = YES;
				CLANG_WARN_NON_LITERAL_NULL_CONVERSION = YES;
				CLANG_WARN_OBJC_IMPLICIT_RETAIN_SELF = YES;
				CLANG_WARN_OBJC_LITERAL_CONVERSION = YES;
				CLANG_WARN_OBJC_ROOT_CLASS = YES_ERROR;
				CLANG_WARN_QUOTED_INCLUDE_IN_FRAMEWORK_HEADER = YES;
				CLANG_WARN_RANGE_LOOP_ANALYSIS = YES;
				CLANG_WARN_STRICT_PROTOTYPES = YES;
				CLANG_WARN_SUSPICIOUS_MOVE = YES;
				CLANG_WARN_UNGUARDED_AVAILABILITY = YES_AGGRESSIVE;
				CLANG_WARN_UNREACHABLE_CODE = YES;
				CLANG_WARN__DUPLICATE_METHOD_MATCH = YES;
				COPY_PHASE_STRIP = NO;
				DEBUG_INFORMATION_FORMAT = dwarf;
				ENABLE_STRICT_OBJC_MSGSEND = YES;
				ENABLE_TESTABILITY = YES;
				ENABLE_USER_SCRIPT_SANDBOXING = YES;
				GCC_C_LANGUAGE_STANDARD = gnu17;
				GCC_DYNAMIC_NO_PIC = NO;
				GCC_NO_COMMON_BLOCKS = YES;
				GCC_OPTIMIZATION_LEVEL = 0;
				GCC_PREPROCESSOR_DEFINITIONS = (
					"DEBUG=1",
					"$(inherited)",
				);
				GCC_WARN_64_TO_32_BIT_CONVERSION = YES;
				GCC_WARN_ABOUT_RETURN_TYPE = YES_ERROR;
				GCC_WARN_UNDECLARED_SELECTOR = YES;
				GCC_WARN_UNINITIALIZED_AUTOS = YES_AGGRESSIVE;
				GCC_WARN_UNUSED_FUNCTION = YES;
				GCC_WARN_UNUSED_VARIABLE = YES;
				IPHONEOS_DEPLOYMENT_TARGET = 17.0;
				LOCALIZATION_PREFERS_STRING_CATALOGS = YES;
				MTL_ENABLE_DEBUG_INFO = INCLUDE_SOURCE;
				MTL_FAST_MATH = YES;
				ONLY_ACTIVE_ARCH = YES;
				SDKROOT = iphoneos;
				SWIFT_ACTIVE_COMPILATION_CONDITIONS = "DEBUG $(inherited)";
				SWIFT_OPTIMIZATION_LEVEL = "-Onone";
			};
			name = Debug;
		};
		E4614CF42ACA86CA00D751FB /* Release */ = {
			isa = XCBuildConfiguration;
			buildSettings = {
				ALWAYS_SEARCH_USER_PATHS = NO;
				ASSETCATALOG_COMPILER_GENERATE_SWIFT_ASSET_SYMBOL_EXTENSIONS = YES;
				CLANG_ANALYZER_LOCALIZABILITY_NONLOCALIZED = YES;
				CLANG_ANALYZER_NONNULL = YES;
				CLANG_ANALYZER_NUMBER_OBJECT_CONVERSION = YES_AGGRESSIVE;
				CLANG_CXX_LANGUAGE_STANDARD = "gnu++20";
				CLANG_ENABLE_MODULES = YES;
				CLANG_ENABLE_OBJC_ARC = YES;
				CLANG_ENABLE_OBJC_WEAK = YES;
				CLANG_WARN_BLOCK_CAPTURE_AUTORELEASING = YES;
				CLANG_WARN_BOOL_CONVERSION = YES;
				CLANG_WARN_COMMA = YES;
				CLANG_WARN_CONSTANT_CONVERSION = YES;
				CLANG_WARN_DEPRECATED_OBJC_IMPLEMENTATIONS = YES;
				CLANG_WARN_DIRECT_OBJC_ISA_USAGE = YES_ERROR;
				CLANG_WARN_DOCUMENTATION_COMMENTS = YES;
				CLANG_WARN_EMPTY_BODY = YES;
				CLANG_WARN_ENUM_CONVERSION = YES;
				CLANG_WARN_INFINITE_RECURSION = YES;
				CLANG_WARN_INT_CONVERSION = YES;
				CLANG_WARN_NON_LITERAL_NULL_CONVERSION = YES;
				CLANG_WARN_OBJC_IMPLICIT_RETAIN_SELF = YES;
				CLANG_WARN_OBJC_LITERAL_CONVERSION = YES;
				CLANG_WARN_OBJC_ROOT_CLASS = YES_ERROR;
				CLANG_WARN_QUOTED_INCLUDE_IN_FRAMEWORK_HEADER = YES;
				CLANG_WARN_RANGE_LOOP_ANALYSIS = YES;
				CLANG_WARN_STRICT_PROTOTYPES = YES;
				CLANG_WARN_SUSPICIOUS_MOVE = YES;
				CLANG_WARN_UNGUARDED_AVAILABILITY = YES_AGGRESSIVE;
				CLANG_WARN_UNREACHABLE_CODE = YES;
				CLANG_WARN__DUPLICATE_METHOD_MATCH = YES;
				COPY_PHASE_STRIP = NO;
				DEBUG_INFORMATION_FORMAT = "dwarf-with-dsym";
				ENABLE_NS_ASSERTIONS = NO;
				ENABLE_STRICT_OBJC_MSGSEND = YES;
				ENABLE_USER_SCRIPT_SANDBOXING = YES;
				GCC_C_LANGUAGE_STANDARD = gnu17;
				GCC_NO_COMMON_BLOCKS = YES;
				GCC_WARN_64_TO_32_BIT_CONVERSION = YES;
				GCC_WARN_ABOUT_RETURN_TYPE = YES_ERROR;
				GCC_WARN_UNDECLARED_SELECTOR = YES;
				GCC_WARN_UNINITIALIZED_AUTOS = YES_AGGRESSIVE;
				GCC_WARN_UNUSED_FUNCTION = YES;
				GCC_WARN_UNUSED_VARIABLE = YES;
				IPHONEOS_DEPLOYMENT_TARGET = 17.0;
				LOCALIZATION_PREFERS_STRING_CATALOGS = YES;
				MTL_ENABLE_DEBUG_INFO = NO;
				MTL_FAST_MATH = YES;
				SDKROOT = iphoneos;
				SWIFT_COMPILATION_MODE = wholemodule;
				VALIDATE_PRODUCT = YES;
			};
			name = Release;
		};
		E4614CF62ACA86CA00D751FB /* Debug */ = {
			isa = XCBuildConfiguration;
			buildSettings = {
				ALWAYS_EMBED_SWIFT_STANDARD_LIBRARIES = YES;
				ASSETCATALOG_COMPILER_ALTERNATE_APPICON_NAMES = "AppIcon.Leather AppIcon.Pastel.Dark AppIcon.Pastel AppIcon.Plastic.Dark AppIcon.Plastic AppIcon.Default.Dark";
				ASSETCATALOG_COMPILER_APPICON_NAME = AppIcon;
				ASSETCATALOG_COMPILER_GLOBAL_ACCENT_COLOR_NAME = AccentColor;
				CODE_SIGN_ENTITLEMENTS = IllustMate/IllustMate.entitlements;
				CODE_SIGN_STYLE = Automatic;
				CURRENT_PROJECT_VERSION = 1;
				DEVELOPMENT_TEAM = YYM4Z6MU8F;
				ENABLE_PREVIEWS = YES;
				ENABLE_USER_SCRIPT_SANDBOXING = NO;
				GENERATE_INFOPLIST_FILE = YES;
				INFOPLIST_FILE = IllustMate/Info.plist;
				INFOPLIST_KEY_LSApplicationCategoryType = "public.app-category.photography";
				INFOPLIST_KEY_LSSupportsOpeningDocumentsInPlace = YES;
				INFOPLIST_KEY_UIApplicationSceneManifest_Generation = YES;
				INFOPLIST_KEY_UIApplicationSupportsIndirectInputEvents = YES;
				INFOPLIST_KEY_UILaunchScreen_Generation = YES;
				INFOPLIST_KEY_UISupportedInterfaceOrientations = "UIInterfaceOrientationLandscapeLeft UIInterfaceOrientationLandscapeRight UIInterfaceOrientationPortrait";
				INFOPLIST_KEY_UISupportedInterfaceOrientations_iPad = "UIInterfaceOrientationLandscapeLeft UIInterfaceOrientationLandscapeRight UIInterfaceOrientationPortrait UIInterfaceOrientationPortraitUpsideDown";
				LD_RUNPATH_SEARCH_PATHS = (
					"$(inherited)",
					"@executable_path/Frameworks",
				);
				MARKETING_VERSION = 1.0;
				PRODUCT_BUNDLE_IDENTIFIER = com.tsubuzaki.IllustMate;
				PRODUCT_NAME = "$(TARGET_NAME)";
				SUPPORTED_PLATFORMS = "iphoneos iphonesimulator";
				SUPPORTS_MACCATALYST = YES;
				SUPPORTS_MAC_DESIGNED_FOR_IPHONE_IPAD = NO;
				SWIFT_EMIT_LOC_STRINGS = YES;
				SWIFT_VERSION = 5.0;
				TARGETED_DEVICE_FAMILY = "1,2,6";
			};
			name = Debug;
		};
		E4614CF72ACA86CA00D751FB /* Release */ = {
			isa = XCBuildConfiguration;
			buildSettings = {
				ALWAYS_EMBED_SWIFT_STANDARD_LIBRARIES = YES;
				ASSETCATALOG_COMPILER_ALTERNATE_APPICON_NAMES = "AppIcon.Leather AppIcon.Pastel.Dark AppIcon.Pastel AppIcon.Plastic.Dark AppIcon.Plastic AppIcon.Default.Dark";
				ASSETCATALOG_COMPILER_APPICON_NAME = AppIcon;
				ASSETCATALOG_COMPILER_GLOBAL_ACCENT_COLOR_NAME = AccentColor;
				CODE_SIGN_ENTITLEMENTS = IllustMate/IllustMate.entitlements;
				CODE_SIGN_STYLE = Automatic;
				CURRENT_PROJECT_VERSION = 1;
				DEVELOPMENT_TEAM = YYM4Z6MU8F;
				ENABLE_PREVIEWS = YES;
				ENABLE_USER_SCRIPT_SANDBOXING = NO;
				GENERATE_INFOPLIST_FILE = YES;
				INFOPLIST_FILE = IllustMate/Info.plist;
				INFOPLIST_KEY_LSApplicationCategoryType = "public.app-category.photography";
				INFOPLIST_KEY_LSSupportsOpeningDocumentsInPlace = YES;
				INFOPLIST_KEY_UIApplicationSceneManifest_Generation = YES;
				INFOPLIST_KEY_UIApplicationSupportsIndirectInputEvents = YES;
				INFOPLIST_KEY_UILaunchScreen_Generation = YES;
				INFOPLIST_KEY_UISupportedInterfaceOrientations = "UIInterfaceOrientationLandscapeLeft UIInterfaceOrientationLandscapeRight UIInterfaceOrientationPortrait";
				INFOPLIST_KEY_UISupportedInterfaceOrientations_iPad = "UIInterfaceOrientationLandscapeLeft UIInterfaceOrientationLandscapeRight UIInterfaceOrientationPortrait UIInterfaceOrientationPortraitUpsideDown";
				LD_RUNPATH_SEARCH_PATHS = (
					"$(inherited)",
					"@executable_path/Frameworks",
				);
				MARKETING_VERSION = 1.0;
				PRODUCT_BUNDLE_IDENTIFIER = com.tsubuzaki.IllustMate;
				PRODUCT_NAME = "$(TARGET_NAME)";
				SUPPORTED_PLATFORMS = "iphoneos iphonesimulator";
				SUPPORTS_MACCATALYST = YES;
				SUPPORTS_MAC_DESIGNED_FOR_IPHONE_IPAD = NO;
				SWIFT_EMIT_LOC_STRINGS = YES;
				SWIFT_VERSION = 5.0;
				TARGETED_DEVICE_FAMILY = "1,2,6";
			};
			name = Release;
		};
		E4614D082ACA86ED00D751FB /* Debug */ = {
			isa = XCBuildConfiguration;
			buildSettings = {
				CODE_SIGN_ENTITLEMENTS = Importer/Importer.entitlements;
				CODE_SIGN_STYLE = Automatic;
				CURRENT_PROJECT_VERSION = 1;
				DEVELOPMENT_TEAM = YYM4Z6MU8F;
				GENERATE_INFOPLIST_FILE = YES;
				INFOPLIST_FILE = Importer/Info.plist;
				INFOPLIST_KEY_CFBundleDisplayName = "Save to PicMate";
				INFOPLIST_KEY_NSHumanReadableCopyright = "";
				LD_RUNPATH_SEARCH_PATHS = (
					"$(inherited)",
					"@executable_path/Frameworks",
					"@executable_path/../../Frameworks",
				);
				MARKETING_VERSION = 1.0;
				PRODUCT_BUNDLE_IDENTIFIER = com.tsubuzaki.IllustMate.Importer;
				PRODUCT_NAME = "$(TARGET_NAME)";
				SKIP_INSTALL = YES;
				SUPPORTED_PLATFORMS = "iphoneos iphonesimulator";
				SUPPORTS_MACCATALYST = YES;
				SUPPORTS_MAC_DESIGNED_FOR_IPHONE_IPAD = NO;
				SWIFT_EMIT_LOC_STRINGS = YES;
				SWIFT_VERSION = 5.0;
				TARGETED_DEVICE_FAMILY = 1;
			};
			name = Debug;
		};
		E4614D092ACA86ED00D751FB /* Release */ = {
			isa = XCBuildConfiguration;
			buildSettings = {
				CODE_SIGN_ENTITLEMENTS = Importer/Importer.entitlements;
				CODE_SIGN_STYLE = Automatic;
				CURRENT_PROJECT_VERSION = 1;
				DEVELOPMENT_TEAM = YYM4Z6MU8F;
				GENERATE_INFOPLIST_FILE = YES;
				INFOPLIST_FILE = Importer/Info.plist;
				INFOPLIST_KEY_CFBundleDisplayName = "Save to PicMate";
				INFOPLIST_KEY_NSHumanReadableCopyright = "";
				LD_RUNPATH_SEARCH_PATHS = (
					"$(inherited)",
					"@executable_path/Frameworks",
					"@executable_path/../../Frameworks",
				);
				MARKETING_VERSION = 1.0;
				PRODUCT_BUNDLE_IDENTIFIER = com.tsubuzaki.IllustMate.Importer;
				PRODUCT_NAME = "$(TARGET_NAME)";
				SKIP_INSTALL = YES;
				SUPPORTED_PLATFORMS = "iphoneos iphonesimulator";
				SUPPORTS_MACCATALYST = YES;
				SUPPORTS_MAC_DESIGNED_FOR_IPHONE_IPAD = NO;
				SWIFT_EMIT_LOC_STRINGS = YES;
				SWIFT_VERSION = 5.0;
				TARGETED_DEVICE_FAMILY = 1;
			};
			name = Release;
		};
/* End XCBuildConfiguration section */

/* Begin XCConfigurationList section */
		E4614CDE2ACA86C900D751FB /* Build configuration list for PBXProject "IllustMate" */ = {
			isa = XCConfigurationList;
			buildConfigurations = (
				E4614CF32ACA86CA00D751FB /* Debug */,
				E4614CF42ACA86CA00D751FB /* Release */,
			);
			defaultConfigurationIsVisible = 0;
			defaultConfigurationName = Release;
		};
		E4614CF52ACA86CA00D751FB /* Build configuration list for PBXNativeTarget "PicMate" */ = {
			isa = XCConfigurationList;
			buildConfigurations = (
				E4614CF62ACA86CA00D751FB /* Debug */,
				E4614CF72ACA86CA00D751FB /* Release */,
			);
			defaultConfigurationIsVisible = 0;
			defaultConfigurationName = Release;
		};
		E4614D072ACA86ED00D751FB /* Build configuration list for PBXNativeTarget "Importer" */ = {
			isa = XCConfigurationList;
			buildConfigurations = (
				E4614D082ACA86ED00D751FB /* Debug */,
				E4614D092ACA86ED00D751FB /* Release */,
			);
			defaultConfigurationIsVisible = 0;
			defaultConfigurationName = Release;
		};
/* End XCConfigurationList section */

/* Begin XCRemoteSwiftPackageReference section */
		E4614D182ACAB6AD00D751FB /* XCRemoteSwiftPackageReference "Komponents" */ = {
			isa = XCRemoteSwiftPackageReference;
			repositoryURL = "https://github.com/katagaki/Komponents";
			requirement = {
				branch = main;
				kind = branch;
			};
		};
		E47765762ACBF21900BA6287 /* XCRemoteSwiftPackageReference "CloudKitSyncMonitor" */ = {
			isa = XCRemoteSwiftPackageReference;
			repositoryURL = "https://github.com/ggruen/CloudKitSyncMonitor";
			requirement = {
				kind = upToNextMinorVersion;
				minimumVersion = 1.2.1;
			};
		};
/* End XCRemoteSwiftPackageReference section */

/* Begin XCSwiftPackageProductDependency section */
		E4614D192ACAB6AD00D751FB /* Komponents */ = {
			isa = XCSwiftPackageProductDependency;
			package = E4614D182ACAB6AD00D751FB /* XCRemoteSwiftPackageReference "Komponents" */;
			productName = Komponents;
		};
		E46712E02ADC2B6E006CB15D /* Komponents */ = {
			isa = XCSwiftPackageProductDependency;
			package = E4614D182ACAB6AD00D751FB /* XCRemoteSwiftPackageReference "Komponents" */;
			productName = Komponents;
		};
		E47765772ACBF21900BA6287 /* CloudKitSyncMonitor */ = {
			isa = XCSwiftPackageProductDependency;
			package = E47765762ACBF21900BA6287 /* XCRemoteSwiftPackageReference "CloudKitSyncMonitor" */;
			productName = CloudKitSyncMonitor;
		};
/* End XCSwiftPackageProductDependency section */
	};
	rootObject = E4614CDB2ACA86C900D751FB /* Project object */;
}
