// !$*UTF8*$!
{
	archiveVersion = 1;
	classes = {
	};
	objectVersion = 60;
	objects = {

/* Begin PBXBuildFile section */
		E45A8BBE2ACD98EF00E3035E /* ViewStyle.swift in Sources */ = {isa = PBXBuildFile; fileRef = E45A8BBD2ACD98EF00E3035E /* ViewStyle.swift */; };
		E45A8BC22ACDB5E500E3035E /* AlbumRow.swift in Sources */ = {isa = PBXBuildFile; fileRef = E45A8BC12ACDB5E500E3035E /* AlbumRow.swift */; };
		E45A8BC52ACF13F700E3035E /* UIImage.swift in Sources */ = {isa = PBXBuildFile; fileRef = E4DE2D8F2ACD570F00F5EA8D /* UIImage.swift */; };
		E45A8BC82ACF23C400E3035E /* NavigationTransitions in Frameworks */ = {isa = PBXBuildFile; productRef = E45A8BC72ACF23C400E3035E /* NavigationTransitions */; };
		E45A8BCC2AD0332000E3035E /* CollectionHeader.swift in Sources */ = {isa = PBXBuildFile; fileRef = E45A8BCB2AD0332000E3035E /* CollectionHeader.swift */; };
		E45A8BCE2AD0362900E3035E /* IllustrationLabel.swift in Sources */ = {isa = PBXBuildFile; fileRef = E45A8BCD2AD0362900E3035E /* IllustrationLabel.swift */; };
		E45A8BD02AD0389600E3035E /* AlbumGridLabel.swift in Sources */ = {isa = PBXBuildFile; fileRef = E45A8BCF2AD0389600E3035E /* AlbumGridLabel.swift */; };
		E45A8BD22AD03C5E00E3035E /* AlbumListRow.swift in Sources */ = {isa = PBXBuildFile; fileRef = E45A8BD12AD03C5E00E3035E /* AlbumListRow.swift */; };
		E45A8BD42AD04A2400E3035E /* SelectionBar.swift in Sources */ = {isa = PBXBuildFile; fileRef = E45A8BD32AD04A2400E3035E /* SelectionBar.swift */; };
		E45A8BD62AD04CD100E3035E /* SelectionOverlay.swift in Sources */ = {isa = PBXBuildFile; fileRef = E45A8BD52AD04CD100E3035E /* SelectionOverlay.swift */; };
		E45A8BD82AD04E1C00E3035E /* IllustrationViewer.swift in Sources */ = {isa = PBXBuildFile; fileRef = E45A8BD72AD04E1C00E3035E /* IllustrationViewer.swift */; };
		E45A8BF62AD1029400E3035E /* MainSplitView.swift in Sources */ = {isa = PBXBuildFile; fileRef = E45A8BF52AD1029400E3035E /* MainSplitView.swift */; };
		E45A8BFC2AD1958B00E3035E /* AlbumStack.swift in Sources */ = {isa = PBXBuildFile; fileRef = E45A8BFB2AD1958B00E3035E /* AlbumStack.swift */; };
		E4614CE72ACA86C900D751FB /* App.swift in Sources */ = {isa = PBXBuildFile; fileRef = E4614CE62ACA86C900D751FB /* App.swift */; };
		E4614CE92ACA86C900D751FB /* AlbumView.swift in Sources */ = {isa = PBXBuildFile; fileRef = E4614CE82ACA86C900D751FB /* AlbumView.swift */; };
		E4614CEB2ACA86C900D751FB /* Album.swift in Sources */ = {isa = PBXBuildFile; fileRef = E4614CEA2ACA86C900D751FB /* Album.swift */; };
		E4614CED2ACA86CA00D751FB /* Assets.xcassets in Resources */ = {isa = PBXBuildFile; fileRef = E4614CEC2ACA86CA00D751FB /* Assets.xcassets */; };
		E4614CFF2ACA86EC00D751FB /* ShareViewController.swift in Sources */ = {isa = PBXBuildFile; fileRef = E4614CFE2ACA86EC00D751FB /* ShareViewController.swift */; };
		E4614D062ACA86ED00D751FB /* Importer.appex in Embed Foundation Extensions */ = {isa = PBXBuildFile; fileRef = E4614CFC2ACA86EC00D751FB /* Importer.appex */; settings = {ATTRIBUTES = (RemoveHeadersOnCopy, ); }; };
		E4614D132ACAA7BF00D751FB /* Illustration.swift in Sources */ = {isa = PBXBuildFile; fileRef = E4614D112ACAA7B100D751FB /* Illustration.swift */; };
		E4614D172ACAB66600D751FB /* MainTabView.swift in Sources */ = {isa = PBXBuildFile; fileRef = E4614D162ACAB66600D751FB /* MainTabView.swift */; };
		E4614D1A2ACAB6AD00D751FB /* Komponents in Frameworks */ = {isa = PBXBuildFile; productRef = E4614D192ACAB6AD00D751FB /* Komponents */; };
		E4614D1C2ACAF42000D751FB /* Localizable.xcstrings in Resources */ = {isa = PBXBuildFile; fileRef = E4614D1B2ACAF42000D751FB /* Localizable.xcstrings */; };
		E4614D1E2ACAF8C100D751FB /* NewAlbumView.swift in Sources */ = {isa = PBXBuildFile; fileRef = E4614D1D2ACAF8C100D751FB /* NewAlbumView.swift */; };
		E4614D202ACAFF5E00D751FB /* Album.swift in Sources */ = {isa = PBXBuildFile; fileRef = E4614CEA2ACA86C900D751FB /* Album.swift */; };
		E4614D212ACAFF6000D751FB /* Illustration.swift in Sources */ = {isa = PBXBuildFile; fileRef = E4614D112ACAA7B100D751FB /* Illustration.swift */; };
		E4614D242ACB048000D751FB /* MoreView.swift in Sources */ = {isa = PBXBuildFile; fileRef = E4614D232ACB048000D751FB /* MoreView.swift */; };
		E4614D262ACB08E600D751FB /* Localizable.xcstrings in Resources */ = {isa = PBXBuildFile; fileRef = E4614D252ACB08E600D751FB /* Localizable.xcstrings */; };
		E4614D2C2ACB0FD800D751FB /* ViewPath.swift in Sources */ = {isa = PBXBuildFile; fileRef = E4614D2B2ACB0FD800D751FB /* ViewPath.swift */; };
		E4614D2E2ACB0FF500D751FB /* TabType.swift in Sources */ = {isa = PBXBuildFile; fileRef = E4614D2D2ACB0FF500D751FB /* TabType.swift */; };
		E4614D302ACB100B00D751FB /* NavigationManager.swift in Sources */ = {isa = PBXBuildFile; fileRef = E4614D2F2ACB100B00D751FB /* NavigationManager.swift */; };
		E4614D322ACB103200D751FB /* TabManager.swift in Sources */ = {isa = PBXBuildFile; fileRef = E4614D312ACB103200D751FB /* TabManager.swift */; };
		E4614D382ACB1C9800D751FB /* InfoPlist.xcstrings in Resources */ = {isa = PBXBuildFile; fileRef = E4614D372ACB1C9800D751FB /* InfoPlist.xcstrings */; };
		E4614D3A2ACB274700D751FB /* CollectionView.swift in Sources */ = {isa = PBXBuildFile; fileRef = E4614D392ACB274700D751FB /* CollectionView.swift */; };
		E4614D462ACB417500D751FB /* ImportView.swift in Sources */ = {isa = PBXBuildFile; fileRef = E4614D452ACB417500D751FB /* ImportView.swift */; };
		E4614D482ACB46D700D751FB /* ProgressAlert.swift in Sources */ = {isa = PBXBuildFile; fileRef = E4614D472ACB46D700D751FB /* ProgressAlert.swift */; };
		E47765782ACBF21900BA6287 /* CloudKitSyncMonitor in Frameworks */ = {isa = PBXBuildFile; productRef = E47765772ACBF21900BA6287 /* CloudKitSyncMonitor */; };
		E4CA0B8C2ACC41D50063F06C /* SearchView.swift in Sources */ = {isa = PBXBuildFile; fileRef = E4CA0B8B2ACC41D50063F06C /* SearchView.swift */; };
		E4CA0B8E2ACD17190063F06C /* FileManager.swift in Sources */ = {isa = PBXBuildFile; fileRef = E4CA0B8D2ACD17190063F06C /* FileManager.swift */; };
		E4CA0B8F2ACD17C10063F06C /* FileManager.swift in Sources */ = {isa = PBXBuildFile; fileRef = E4CA0B8D2ACD17190063F06C /* FileManager.swift */; };
		E4CA0B912ACD2F8A0063F06C /* RenameAlbumView.swift in Sources */ = {isa = PBXBuildFile; fileRef = E4CA0B902ACD2F8A0063F06C /* RenameAlbumView.swift */; };
		E4CA0B922ACD32B50063F06C /* MainInterface.storyboard in Resources */ = {isa = PBXBuildFile; fileRef = E4CA0B942ACD32B50063F06C /* MainInterface.storyboard */; };
		E4DE2D902ACD570F00F5EA8D /* UIImage.swift in Sources */ = {isa = PBXBuildFile; fileRef = E4DE2D8F2ACD570F00F5EA8D /* UIImage.swift */; };
/* End PBXBuildFile section */

/* Begin PBXContainerItemProxy section */
		E4614D042ACA86ED00D751FB /* PBXContainerItemProxy */ = {
			isa = PBXContainerItemProxy;
			containerPortal = E4614CDB2ACA86C900D751FB /* Project object */;
			proxyType = 1;
			remoteGlobalIDString = E4614CFB2ACA86EC00D751FB;
			remoteInfo = Importer;
		};
/* End PBXContainerItemProxy section */

/* Begin PBXCopyFilesBuildPhase section */
		E4614D0A2ACA86ED00D751FB /* Embed Foundation Extensions */ = {
			isa = PBXCopyFilesBuildPhase;
			buildActionMask = 2147483647;
			dstPath = "";
			dstSubfolderSpec = 13;
			files = (
				E4614D062ACA86ED00D751FB /* Importer.appex in Embed Foundation Extensions */,
			);
			name = "Embed Foundation Extensions";
			runOnlyForDeploymentPostprocessing = 0;
		};
/* End PBXCopyFilesBuildPhase section */

/* Begin PBXFileReference section */
		E45A8BBD2ACD98EF00E3035E /* ViewStyle.swift */ = {isa = PBXFileReference; lastKnownFileType = sourcecode.swift; path = ViewStyle.swift; sourceTree = "<group>"; };
		E45A8BC12ACDB5E500E3035E /* AlbumRow.swift */ = {isa = PBXFileReference; lastKnownFileType = sourcecode.swift; path = AlbumRow.swift; sourceTree = "<group>"; };
		E45A8BCB2AD0332000E3035E /* CollectionHeader.swift */ = {isa = PBXFileReference; lastKnownFileType = sourcecode.swift; path = CollectionHeader.swift; sourceTree = "<group>"; };
		E45A8BCD2AD0362900E3035E /* IllustrationLabel.swift */ = {isa = PBXFileReference; lastKnownFileType = sourcecode.swift; path = IllustrationLabel.swift; sourceTree = "<group>"; };
		E45A8BCF2AD0389600E3035E /* AlbumGridLabel.swift */ = {isa = PBXFileReference; lastKnownFileType = sourcecode.swift; path = AlbumGridLabel.swift; sourceTree = "<group>"; };
		E45A8BD12AD03C5E00E3035E /* AlbumListRow.swift */ = {isa = PBXFileReference; lastKnownFileType = sourcecode.swift; path = AlbumListRow.swift; sourceTree = "<group>"; };
		E45A8BD32AD04A2400E3035E /* SelectionBar.swift */ = {isa = PBXFileReference; lastKnownFileType = sourcecode.swift; path = SelectionBar.swift; sourceTree = "<group>"; };
		E45A8BD52AD04CD100E3035E /* SelectionOverlay.swift */ = {isa = PBXFileReference; lastKnownFileType = sourcecode.swift; path = SelectionOverlay.swift; sourceTree = "<group>"; };
		E45A8BD72AD04E1C00E3035E /* IllustrationViewer.swift */ = {isa = PBXFileReference; lastKnownFileType = sourcecode.swift; path = IllustrationViewer.swift; sourceTree = "<group>"; };
		E45A8BF52AD1029400E3035E /* MainSplitView.swift */ = {isa = PBXFileReference; lastKnownFileType = sourcecode.swift; path = MainSplitView.swift; sourceTree = "<group>"; };
		E45A8BFB2AD1958B00E3035E /* AlbumStack.swift */ = {isa = PBXFileReference; lastKnownFileType = sourcecode.swift; path = AlbumStack.swift; sourceTree = "<group>"; };
		E4614CE32ACA86C900D751FB /* PicMate.app */ = {isa = PBXFileReference; explicitFileType = wrapper.application; includeInIndex = 0; path = PicMate.app; sourceTree = BUILT_PRODUCTS_DIR; };
		E4614CE62ACA86C900D751FB /* App.swift */ = {isa = PBXFileReference; lastKnownFileType = sourcecode.swift; path = App.swift; sourceTree = "<group>"; };
		E4614CE82ACA86C900D751FB /* AlbumView.swift */ = {isa = PBXFileReference; lastKnownFileType = sourcecode.swift; path = AlbumView.swift; sourceTree = "<group>"; };
		E4614CEA2ACA86C900D751FB /* Album.swift */ = {isa = PBXFileReference; lastKnownFileType = sourcecode.swift; path = Album.swift; sourceTree = "<group>"; };
		E4614CEC2ACA86CA00D751FB /* Assets.xcassets */ = {isa = PBXFileReference; lastKnownFileType = folder.assetcatalog; path = Assets.xcassets; sourceTree = "<group>"; };
		E4614CF12ACA86CA00D751FB /* IllustMate.entitlements */ = {isa = PBXFileReference; lastKnownFileType = text.plist.entitlements; path = IllustMate.entitlements; sourceTree = "<group>"; };
		E4614CF22ACA86CA00D751FB /* Info.plist */ = {isa = PBXFileReference; lastKnownFileType = text.plist.xml; path = Info.plist; sourceTree = "<group>"; };
		E4614CFC2ACA86EC00D751FB /* Importer.appex */ = {isa = PBXFileReference; explicitFileType = "wrapper.app-extension"; includeInIndex = 0; path = Importer.appex; sourceTree = BUILT_PRODUCTS_DIR; };
		E4614CFE2ACA86EC00D751FB /* ShareViewController.swift */ = {isa = PBXFileReference; lastKnownFileType = sourcecode.swift; path = ShareViewController.swift; sourceTree = "<group>"; };
		E4614D032ACA86ED00D751FB /* Info.plist */ = {isa = PBXFileReference; lastKnownFileType = text.plist.xml; path = Info.plist; sourceTree = "<group>"; };
		E4614D112ACAA7B100D751FB /* Illustration.swift */ = {isa = PBXFileReference; lastKnownFileType = sourcecode.swift; path = Illustration.swift; sourceTree = "<group>"; };
		E4614D162ACAB66600D751FB /* MainTabView.swift */ = {isa = PBXFileReference; lastKnownFileType = sourcecode.swift; path = MainTabView.swift; sourceTree = "<group>"; };
		E4614D1B2ACAF42000D751FB /* Localizable.xcstrings */ = {isa = PBXFileReference; lastKnownFileType = text.json.xcstrings; path = Localizable.xcstrings; sourceTree = "<group>"; };
		E4614D1D2ACAF8C100D751FB /* NewAlbumView.swift */ = {isa = PBXFileReference; lastKnownFileType = sourcecode.swift; path = NewAlbumView.swift; sourceTree = "<group>"; };
		E4614D222ACB00B200D751FB /* Importer.entitlements */ = {isa = PBXFileReference; lastKnownFileType = text.plist.entitlements; path = Importer.entitlements; sourceTree = "<group>"; };
		E4614D232ACB048000D751FB /* MoreView.swift */ = {isa = PBXFileReference; lastKnownFileType = sourcecode.swift; path = MoreView.swift; sourceTree = "<group>"; };
		E4614D252ACB08E600D751FB /* Localizable.xcstrings */ = {isa = PBXFileReference; lastKnownFileType = text.json.xcstrings; path = Localizable.xcstrings; sourceTree = "<group>"; };
		E4614D2B2ACB0FD800D751FB /* ViewPath.swift */ = {isa = PBXFileReference; lastKnownFileType = sourcecode.swift; path = ViewPath.swift; sourceTree = "<group>"; };
		E4614D2D2ACB0FF500D751FB /* TabType.swift */ = {isa = PBXFileReference; lastKnownFileType = sourcecode.swift; path = TabType.swift; sourceTree = "<group>"; };
		E4614D2F2ACB100B00D751FB /* NavigationManager.swift */ = {isa = PBXFileReference; lastKnownFileType = sourcecode.swift; path = NavigationManager.swift; sourceTree = "<group>"; };
		E4614D312ACB103200D751FB /* TabManager.swift */ = {isa = PBXFileReference; lastKnownFileType = sourcecode.swift; path = TabManager.swift; sourceTree = "<group>"; };
		E4614D372ACB1C9800D751FB /* InfoPlist.xcstrings */ = {isa = PBXFileReference; lastKnownFileType = text.json.xcstrings; path = InfoPlist.xcstrings; sourceTree = "<group>"; };
		E4614D392ACB274700D751FB /* CollectionView.swift */ = {isa = PBXFileReference; lastKnownFileType = sourcecode.swift; path = CollectionView.swift; sourceTree = "<group>"; };
		E4614D452ACB417500D751FB /* ImportView.swift */ = {isa = PBXFileReference; lastKnownFileType = sourcecode.swift; path = ImportView.swift; sourceTree = "<group>"; };
		E4614D472ACB46D700D751FB /* ProgressAlert.swift */ = {isa = PBXFileReference; lastKnownFileType = sourcecode.swift; path = ProgressAlert.swift; sourceTree = "<group>"; };
		E4CA0B8B2ACC41D50063F06C /* SearchView.swift */ = {isa = PBXFileReference; lastKnownFileType = sourcecode.swift; path = SearchView.swift; sourceTree = "<group>"; };
		E4CA0B8D2ACD17190063F06C /* FileManager.swift */ = {isa = PBXFileReference; lastKnownFileType = sourcecode.swift; path = FileManager.swift; sourceTree = "<group>"; };
		E4CA0B902ACD2F8A0063F06C /* RenameAlbumView.swift */ = {isa = PBXFileReference; lastKnownFileType = sourcecode.swift; path = RenameAlbumView.swift; sourceTree = "<group>"; };
		E4CA0B932ACD32B50063F06C /* Base */ = {isa = PBXFileReference; lastKnownFileType = file.storyboard; name = Base; path = Base.lproj/MainInterface.storyboard; sourceTree = "<group>"; };
		E4CA0B952ACD32B50063F06C /* mul */ = {isa = PBXFileReference; lastKnownFileType = text.json.xcstrings; name = mul; path = mul.lproj/MainInterface.xcstrings; sourceTree = "<group>"; };
		E4DE2D8F2ACD570F00F5EA8D /* UIImage.swift */ = {isa = PBXFileReference; lastKnownFileType = sourcecode.swift; path = UIImage.swift; sourceTree = "<group>"; };
/* End PBXFileReference section */

/* Begin PBXFrameworksBuildPhase section */
		E4614CE02ACA86C900D751FB /* Frameworks */ = {
			isa = PBXFrameworksBuildPhase;
			buildActionMask = 2147483647;
			files = (
				E4614D1A2ACAB6AD00D751FB /* Komponents in Frameworks */,
				E45A8BC82ACF23C400E3035E /* NavigationTransitions in Frameworks */,
				E47765782ACBF21900BA6287 /* CloudKitSyncMonitor in Frameworks */,
			);
			runOnlyForDeploymentPostprocessing = 0;
		};
		E4614CF92ACA86EC00D751FB /* Frameworks */ = {
			isa = PBXFrameworksBuildPhase;
			buildActionMask = 2147483647;
			files = (
			);
			runOnlyForDeploymentPostprocessing = 0;
		};
/* End PBXFrameworksBuildPhase section */

/* Begin PBXGroup section */
		E4614CDA2ACA86C900D751FB = {
			isa = PBXGroup;
			children = (
				E4614D0F2ACAA78900D751FB /* Shared */,
				E4614CE52ACA86C900D751FB /* IllustMate */,
				E4614CFD2ACA86EC00D751FB /* Importer */,
				E4614CE42ACA86C900D751FB /* Products */,
			);
			sourceTree = "<group>";
		};
		E4614CE42ACA86C900D751FB /* Products */ = {
			isa = PBXGroup;
			children = (
				E4614CE32ACA86C900D751FB /* PicMate.app */,
				E4614CFC2ACA86EC00D751FB /* Importer.appex */,
			);
			name = Products;
			sourceTree = "<group>";
		};
		E4614CE52ACA86C900D751FB /* IllustMate */ = {
			isa = PBXGroup;
			children = (
				E4614CF12ACA86CA00D751FB /* IllustMate.entitlements */,
				E4614CF22ACA86CA00D751FB /* Info.plist */,
				E4614CEC2ACA86CA00D751FB /* Assets.xcassets */,
				E4614D372ACB1C9800D751FB /* InfoPlist.xcstrings */,
				E4614D1B2ACAF42000D751FB /* Localizable.xcstrings */,
				E4614D332ACB11A100D751FB /* Views */,
				E4614D292ACB0FC500D751FB /* Classes */,
				E4614D2A2ACB0FCA00D751FB /* Enums */,
				E4DE2D8E2ACD56FB00F5EA8D /* Utilities */,
			);
			path = IllustMate;
			sourceTree = "<group>";
		};
		E4614CFD2ACA86EC00D751FB /* Importer */ = {
			isa = PBXGroup;
			children = (
				E4614D222ACB00B200D751FB /* Importer.entitlements */,
				E4614D032ACA86ED00D751FB /* Info.plist */,
				E4614D252ACB08E600D751FB /* Localizable.xcstrings */,
				E4CA0B942ACD32B50063F06C /* MainInterface.storyboard */,
				E4614CFE2ACA86EC00D751FB /* ShareViewController.swift */,
			);
			path = Importer;
			sourceTree = "<group>";
		};
		E4614D0F2ACAA78900D751FB /* Shared */ = {
			isa = PBXGroup;
			children = (
				E4614D102ACAA7A500D751FB /* Data Models */,
				E4CA0B8D2ACD17190063F06C /* FileManager.swift */,
			);
			path = Shared;
			sourceTree = "<group>";
		};
		E4614D102ACAA7A500D751FB /* Data Models */ = {
			isa = PBXGroup;
			children = (
				E4614CEA2ACA86C900D751FB /* Album.swift */,
				E4614D112ACAA7B100D751FB /* Illustration.swift */,
			);
			path = "Data Models";
			sourceTree = "<group>";
		};
		E4614D292ACB0FC500D751FB /* Classes */ = {
			isa = PBXGroup;
			children = (
				E4614D2F2ACB100B00D751FB /* NavigationManager.swift */,
			);
			path = Classes;
			sourceTree = "<group>";
		};
		E4614D2A2ACB0FCA00D751FB /* Enums */ = {
			isa = PBXGroup;
			children = (
				E45A8BBD2ACD98EF00E3035E /* ViewStyle.swift */,
				E4614D2B2ACB0FD800D751FB /* ViewPath.swift */,
				E4614D2D2ACB0FF500D751FB /* TabType.swift */,
				E4614D312ACB103200D751FB /* TabManager.swift */,
			);
			path = Enums;
			sourceTree = "<group>";
		};
		E4614D332ACB11A100D751FB /* Views */ = {
			isa = PBXGroup;
			children = (
				E4614CE62ACA86C900D751FB /* App.swift */,
				E4614D162ACAB66600D751FB /* MainTabView.swift */,
				E45A8BF52AD1029400E3035E /* MainSplitView.swift */,
				E4614D342ACB11AC00D751FB /* Collection */,
				E4614D442ACB416B00D751FB /* Import */,
				E4CA0B8A2ACC41C20063F06C /* Search */,
				E4614D3F2ACB2B7D00D751FB /* Shared */,
				E4614D232ACB048000D751FB /* MoreView.swift */,
			);
			path = Views;
			sourceTree = "<group>";
		};
		E4614D342ACB11AC00D751FB /* Collection */ = {
			isa = PBXGroup;
			children = (
				E4614D392ACB274700D751FB /* CollectionView.swift */,
				E4614CE82ACA86C900D751FB /* AlbumView.swift */,
				E45A8BFB2AD1958B00E3035E /* AlbumStack.swift */,
				E4614D1D2ACAF8C100D751FB /* NewAlbumView.swift */,
				E4CA0B902ACD2F8A0063F06C /* RenameAlbumView.swift */,
				E45A8BD72AD04E1C00E3035E /* IllustrationViewer.swift */,
			);
			path = Collection;
			sourceTree = "<group>";
		};
		E4614D3F2ACB2B7D00D751FB /* Shared */ = {
			isa = PBXGroup;
			children = (
				E45A8BCB2AD0332000E3035E /* CollectionHeader.swift */,
				E45A8BCD2AD0362900E3035E /* IllustrationLabel.swift */,
				E45A8BCF2AD0389600E3035E /* AlbumGridLabel.swift */,
				E45A8BD12AD03C5E00E3035E /* AlbumListRow.swift */,
				E45A8BD32AD04A2400E3035E /* SelectionBar.swift */,
				E45A8BD52AD04CD100E3035E /* SelectionOverlay.swift */,
				E4614D472ACB46D700D751FB /* ProgressAlert.swift */,
				E45A8BC12ACDB5E500E3035E /* AlbumRow.swift */,
			);
			path = Shared;
			sourceTree = "<group>";
		};
		E4614D442ACB416B00D751FB /* Import */ = {
			isa = PBXGroup;
			children = (
				E4614D452ACB417500D751FB /* ImportView.swift */,
			);
			path = Import;
			sourceTree = "<group>";
		};
		E4CA0B8A2ACC41C20063F06C /* Search */ = {
			isa = PBXGroup;
			children = (
				E4CA0B8B2ACC41D50063F06C /* SearchView.swift */,
			);
			path = Search;
			sourceTree = "<group>";
		};
		E4DE2D8E2ACD56FB00F5EA8D /* Utilities */ = {
			isa = PBXGroup;
			children = (
				E4DE2D8F2ACD570F00F5EA8D /* UIImage.swift */,
			);
			path = Utilities;
			sourceTree = "<group>";
		};
/* End PBXGroup section */

/* Begin PBXNativeTarget section */
		E4614CE22ACA86C900D751FB /* PicMate */ = {
			isa = PBXNativeTarget;
			buildConfigurationList = E4614CF52ACA86CA00D751FB /* Build configuration list for PBXNativeTarget "PicMate" */;
			buildPhases = (
				E4614CDF2ACA86C900D751FB /* Sources */,
				E4614CE02ACA86C900D751FB /* Frameworks */,
				E4614CE12ACA86C900D751FB /* Resources */,
				E4614D0A2ACA86ED00D751FB /* Embed Foundation Extensions */,
				E4614D1F2ACAFCF200D751FB /* ShellScript */,
			);
			buildRules = (
			);
			dependencies = (
				E4614D052ACA86ED00D751FB /* PBXTargetDependency */,
			);
			name = PicMate;
			packageProductDependencies = (
				E4614D192ACAB6AD00D751FB /* Komponents */,
				E47765772ACBF21900BA6287 /* CloudKitSyncMonitor */,
				E45A8BC72ACF23C400E3035E /* NavigationTransitions */,
			);
			productName = IllustMate;
			productReference = E4614CE32ACA86C900D751FB /* PicMate.app */;
			productType = "com.apple.product-type.application";
		};
		E4614CFB2ACA86EC00D751FB /* Importer */ = {
			isa = PBXNativeTarget;
			buildConfigurationList = E4614D072ACA86ED00D751FB /* Build configuration list for PBXNativeTarget "Importer" */;
			buildPhases = (
				E4614CF82ACA86EC00D751FB /* Sources */,
				E4614CF92ACA86EC00D751FB /* Frameworks */,
				E4614CFA2ACA86EC00D751FB /* Resources */,
			);
			buildRules = (
			);
			dependencies = (
			);
			name = Importer;
			productName = Importer;
			productReference = E4614CFC2ACA86EC00D751FB /* Importer.appex */;
			productType = "com.apple.product-type.app-extension";
		};
/* End PBXNativeTarget section */

/* Begin PBXProject section */
		E4614CDB2ACA86C900D751FB /* Project object */ = {
			isa = PBXProject;
			attributes = {
				BuildIndependentTargetsInParallel = 1;
				LastSwiftUpdateCheck = 1500;
				LastUpgradeCheck = 1500;
				TargetAttributes = {
					E4614CE22ACA86C900D751FB = {
						CreatedOnToolsVersion = 15.0;
					};
					E4614CFB2ACA86EC00D751FB = {
						CreatedOnToolsVersion = 15.0;
					};
				};
			};
			buildConfigurationList = E4614CDE2ACA86C900D751FB /* Build configuration list for PBXProject "IllustMate" */;
			compatibilityVersion = "Xcode 14.0";
			developmentRegion = en;
			hasScannedForEncodings = 0;
			knownRegions = (
				en,
				Base,
				ja,
			);
			mainGroup = E4614CDA2ACA86C900D751FB;
			packageReferences = (
				E4614D182ACAB6AD00D751FB /* XCRemoteSwiftPackageReference "Komponents" */,
				E47765762ACBF21900BA6287 /* XCRemoteSwiftPackageReference "CloudKitSyncMonitor" */,
				E45A8BC62ACF23C400E3035E /* XCRemoteSwiftPackageReference "swiftui-navigation-transitions" */,
			);
			productRefGroup = E4614CE42ACA86C900D751FB /* Products */;
			projectDirPath = "";
			projectRoot = "";
			targets = (
				E4614CE22ACA86C900D751FB /* PicMate */,
				E4614CFB2ACA86EC00D751FB /* Importer */,
			);
		};
/* End PBXProject section */

/* Begin PBXResourcesBuildPhase section */
		E4614CE12ACA86C900D751FB /* Resources */ = {
			isa = PBXResourcesBuildPhase;
			buildActionMask = 2147483647;
			files = (
				E4614D382ACB1C9800D751FB /* InfoPlist.xcstrings in Resources */,
				E4614D1C2ACAF42000D751FB /* Localizable.xcstrings in Resources */,
				E4614CED2ACA86CA00D751FB /* Assets.xcassets in Resources */,
			);
			runOnlyForDeploymentPostprocessing = 0;
		};
		E4614CFA2ACA86EC00D751FB /* Resources */ = {
			isa = PBXResourcesBuildPhase;
			buildActionMask = 2147483647;
			files = (
				E4614D262ACB08E600D751FB /* Localizable.xcstrings in Resources */,
				E4CA0B922ACD32B50063F06C /* MainInterface.storyboard in Resources */,
			);
			runOnlyForDeploymentPostprocessing = 0;
		};
/* End PBXResourcesBuildPhase section */

/* Begin PBXShellScriptBuildPhase section */
		E4614D1F2ACAFCF200D751FB /* ShellScript */ = {
			isa = PBXShellScriptBuildPhase;
			alwaysOutOfDate = 1;
			buildActionMask = 2147483647;
			files = (
			);
			inputFileListPaths = (
			);
			inputPaths = (
			);
			outputFileListPaths = (
			);
			outputPaths = (
			);
			runOnlyForDeploymentPostprocessing = 0;
			shellPath = /bin/sh;
			shellScript = "export PATH=\"$PATH:/opt/homebrew/bin\"\nif which swiftlint > /dev/null; then\n  swiftlint\nelse\n  echo \"warning: SwiftLint not installed, download from https://github.com/realm/SwiftLint\"\nfi\n";
		};
/* End PBXShellScriptBuildPhase section */

/* Begin PBXSourcesBuildPhase section */
		E4614CDF2ACA86C900D751FB /* Sources */ = {
			isa = PBXSourcesBuildPhase;
			buildActionMask = 2147483647;
			files = (
				E45A8BD02AD0389600E3035E /* AlbumGridLabel.swift in Sources */,
				E4614D242ACB048000D751FB /* MoreView.swift in Sources */,
				E45A8BFC2AD1958B00E3035E /* AlbumStack.swift in Sources */,
				E45A8BD22AD03C5E00E3035E /* AlbumListRow.swift in Sources */,
				E45A8BD82AD04E1C00E3035E /* IllustrationViewer.swift in Sources */,
				E4CA0B8C2ACC41D50063F06C /* SearchView.swift in Sources */,
				E4DE2D902ACD570F00F5EA8D /* UIImage.swift in Sources */,
				E4614D2C2ACB0FD800D751FB /* ViewPath.swift in Sources */,
				E4614CE92ACA86C900D751FB /* AlbumView.swift in Sources */,
				E4CA0B912ACD2F8A0063F06C /* RenameAlbumView.swift in Sources */,
				E4614CEB2ACA86C900D751FB /* Album.swift in Sources */,
				E4614CE72ACA86C900D751FB /* App.swift in Sources */,
				E45A8BBE2ACD98EF00E3035E /* ViewStyle.swift in Sources */,
				E4614D3A2ACB274700D751FB /* CollectionView.swift in Sources */,
				E4614D462ACB417500D751FB /* ImportView.swift in Sources */,
				E4CA0B8E2ACD17190063F06C /* FileManager.swift in Sources */,
				E45A8BCC2AD0332000E3035E /* CollectionHeader.swift in Sources */,
				E4614D482ACB46D700D751FB /* ProgressAlert.swift in Sources */,
				E4614D1E2ACAF8C100D751FB /* NewAlbumView.swift in Sources */,
				E45A8BC22ACDB5E500E3035E /* AlbumRow.swift in Sources */,
				E45A8BCE2AD0362900E3035E /* IllustrationLabel.swift in Sources */,
				E4614D132ACAA7BF00D751FB /* Illustration.swift in Sources */,
				E4614D322ACB103200D751FB /* TabManager.swift in Sources */,
				E45A8BD42AD04A2400E3035E /* SelectionBar.swift in Sources */,
				E4614D172ACAB66600D751FB /* MainTabView.swift in Sources */,
				E45A8BD62AD04CD100E3035E /* SelectionOverlay.swift in Sources */,
				E45A8BF62AD1029400E3035E /* MainSplitView.swift in Sources */,
				E4614D2E2ACB0FF500D751FB /* TabType.swift in Sources */,
				E4614D302ACB100B00D751FB /* NavigationManager.swift in Sources */,
			);
			runOnlyForDeploymentPostprocessing = 0;
		};
		E4614CF82ACA86EC00D751FB /* Sources */ = {
			isa = PBXSourcesBuildPhase;
			buildActionMask = 2147483647;
			files = (
				E4614CFF2ACA86EC00D751FB /* ShareViewController.swift in Sources */,
				E45A8BC52ACF13F700E3035E /* UIImage.swift in Sources */,
				E4614D212ACAFF6000D751FB /* Illustration.swift in Sources */,
				E4614D202ACAFF5E00D751FB /* Album.swift in Sources */,
				E4CA0B8F2ACD17C10063F06C /* FileManager.swift in Sources */,
			);
			runOnlyForDeploymentPostprocessing = 0;
		};
/* End PBXSourcesBuildPhase section */

/* Begin PBXTargetDependency section */
		E4614D052ACA86ED00D751FB /* PBXTargetDependency */ = {
			isa = PBXTargetDependency;
			target = E4614CFB2ACA86EC00D751FB /* Importer */;
			targetProxy = E4614D042ACA86ED00D751FB /* PBXContainerItemProxy */;
		};
/* End PBXTargetDependency section */

/* Begin PBXVariantGroup section */
		E4CA0B942ACD32B50063F06C /* MainInterface.storyboard */ = {
			isa = PBXVariantGroup;
			children = (
				E4CA0B932ACD32B50063F06C /* Base */,
				E4CA0B952ACD32B50063F06C /* mul */,
			);
			name = MainInterface.storyboard;
			sourceTree = "<group>";
		};
/* End PBXVariantGroup section */

/* Begin XCBuildConfiguration section */
		E4614CF32ACA86CA00D751FB /* Debug */ = {
			isa = XCBuildConfiguration;
			buildSettings = {
				ALWAYS_SEARCH_USER_PATHS = NO;
				ASSETCATALOG_COMPILER_GENERATE_SWIFT_ASSET_SYMBOL_EXTENSIONS = YES;
				CLANG_ANALYZER_NONNULL = YES;
				CLANG_ANALYZER_NUMBER_OBJECT_CONVERSION = YES_AGGRESSIVE;
				CLANG_CXX_LANGUAGE_STANDARD = "gnu++20";
				CLANG_ENABLE_MODULES = YES;
				CLANG_ENABLE_OBJC_ARC = YES;
				CLANG_ENABLE_OBJC_WEAK = YES;
				CLANG_WARN_BLOCK_CAPTURE_AUTORELEASING = YES;
				CLANG_WARN_BOOL_CONVERSION = YES;
				CLANG_WARN_COMMA = YES;
				CLANG_WARN_CONSTANT_CONVERSION = YES;
				CLANG_WARN_DEPRECATED_OBJC_IMPLEMENTATIONS = YES;
				CLANG_WARN_DIRECT_OBJC_ISA_USAGE = YES_ERROR;
				CLANG_WARN_DOCUMENTATION_COMMENTS = YES;
				CLANG_WARN_EMPTY_BODY = YES;
				CLANG_WARN_ENUM_CONVERSION = YES;
				CLANG_WARN_INFINITE_RECURSION = YES;
				CLANG_WARN_INT_CONVERSION = YES;
				CLANG_WARN_NON_LITERAL_NULL_CONVERSION = YES;
				CLANG_WARN_OBJC_IMPLICIT_RETAIN_SELF = YES;
				CLANG_WARN_OBJC_LITERAL_CONVERSION = YES;
				CLANG_WARN_OBJC_ROOT_CLASS = YES_ERROR;
				CLANG_WARN_QUOTED_INCLUDE_IN_FRAMEWORK_HEADER = YES;
				CLANG_WARN_RANGE_LOOP_ANALYSIS = YES;
				CLANG_WARN_STRICT_PROTOTYPES = YES;
				CLANG_WARN_SUSPICIOUS_MOVE = YES;
				CLANG_WARN_UNGUARDED_AVAILABILITY = YES_AGGRESSIVE;
				CLANG_WARN_UNREACHABLE_CODE = YES;
				CLANG_WARN__DUPLICATE_METHOD_MATCH = YES;
				COPY_PHASE_STRIP = NO;
				DEBUG_INFORMATION_FORMAT = dwarf;
				ENABLE_STRICT_OBJC_MSGSEND = YES;
				ENABLE_TESTABILITY = YES;
				ENABLE_USER_SCRIPT_SANDBOXING = YES;
				GCC_C_LANGUAGE_STANDARD = gnu17;
				GCC_DYNAMIC_NO_PIC = NO;
				GCC_NO_COMMON_BLOCKS = YES;
				GCC_OPTIMIZATION_LEVEL = 0;
				GCC_PREPROCESSOR_DEFINITIONS = (
					"DEBUG=1",
					"$(inherited)",
				);
				GCC_WARN_64_TO_32_BIT_CONVERSION = YES;
				GCC_WARN_ABOUT_RETURN_TYPE = YES_ERROR;
				GCC_WARN_UNDECLARED_SELECTOR = YES;
				GCC_WARN_UNINITIALIZED_AUTOS = YES_AGGRESSIVE;
				GCC_WARN_UNUSED_FUNCTION = YES;
				GCC_WARN_UNUSED_VARIABLE = YES;
				IPHONEOS_DEPLOYMENT_TARGET = 17.0;
				LOCALIZATION_PREFERS_STRING_CATALOGS = YES;
				MTL_ENABLE_DEBUG_INFO = INCLUDE_SOURCE;
				MTL_FAST_MATH = YES;
				ONLY_ACTIVE_ARCH = YES;
				SDKROOT = iphoneos;
				SWIFT_ACTIVE_COMPILATION_CONDITIONS = "DEBUG $(inherited)";
				SWIFT_OPTIMIZATION_LEVEL = "-Onone";
			};
			name = Debug;
		};
		E4614CF42ACA86CA00D751FB /* Release */ = {
			isa = XCBuildConfiguration;
			buildSettings = {
				ALWAYS_SEARCH_USER_PATHS = NO;
				ASSETCATALOG_COMPILER_GENERATE_SWIFT_ASSET_SYMBOL_EXTENSIONS = YES;
				CLANG_ANALYZER_NONNULL = YES;
				CLANG_ANALYZER_NUMBER_OBJECT_CONVERSION = YES_AGGRESSIVE;
				CLANG_CXX_LANGUAGE_STANDARD = "gnu++20";
				CLANG_ENABLE_MODULES = YES;
				CLANG_ENABLE_OBJC_ARC = YES;
				CLANG_ENABLE_OBJC_WEAK = YES;
				CLANG_WARN_BLOCK_CAPTURE_AUTORELEASING = YES;
				CLANG_WARN_BOOL_CONVERSION = YES;
				CLANG_WARN_COMMA = YES;
				CLANG_WARN_CONSTANT_CONVERSION = YES;
				CLANG_WARN_DEPRECATED_OBJC_IMPLEMENTATIONS = YES;
				CLANG_WARN_DIRECT_OBJC_ISA_USAGE = YES_ERROR;
				CLANG_WARN_DOCUMENTATION_COMMENTS = YES;
				CLANG_WARN_EMPTY_BODY = YES;
				CLANG_WARN_ENUM_CONVERSION = YES;
				CLANG_WARN_INFINITE_RECURSION = YES;
				CLANG_WARN_INT_CONVERSION = YES;
				CLANG_WARN_NON_LITERAL_NULL_CONVERSION = YES;
				CLANG_WARN_OBJC_IMPLICIT_RETAIN_SELF = YES;
				CLANG_WARN_OBJC_LITERAL_CONVERSION = YES;
				CLANG_WARN_OBJC_ROOT_CLASS = YES_ERROR;
				CLANG_WARN_QUOTED_INCLUDE_IN_FRAMEWORK_HEADER = YES;
				CLANG_WARN_RANGE_LOOP_ANALYSIS = YES;
				CLANG_WARN_STRICT_PROTOTYPES = YES;
				CLANG_WARN_SUSPICIOUS_MOVE = YES;
				CLANG_WARN_UNGUARDED_AVAILABILITY = YES_AGGRESSIVE;
				CLANG_WARN_UNREACHABLE_CODE = YES;
				CLANG_WARN__DUPLICATE_METHOD_MATCH = YES;
				COPY_PHASE_STRIP = NO;
				DEBUG_INFORMATION_FORMAT = "dwarf-with-dsym";
				ENABLE_NS_ASSERTIONS = NO;
				ENABLE_STRICT_OBJC_MSGSEND = YES;
				ENABLE_USER_SCRIPT_SANDBOXING = YES;
				GCC_C_LANGUAGE_STANDARD = gnu17;
				GCC_NO_COMMON_BLOCKS = YES;
				GCC_WARN_64_TO_32_BIT_CONVERSION = YES;
				GCC_WARN_ABOUT_RETURN_TYPE = YES_ERROR;
				GCC_WARN_UNDECLARED_SELECTOR = YES;
				GCC_WARN_UNINITIALIZED_AUTOS = YES_AGGRESSIVE;
				GCC_WARN_UNUSED_FUNCTION = YES;
				GCC_WARN_UNUSED_VARIABLE = YES;
				IPHONEOS_DEPLOYMENT_TARGET = 17.0;
				LOCALIZATION_PREFERS_STRING_CATALOGS = YES;
				MTL_ENABLE_DEBUG_INFO = NO;
				MTL_FAST_MATH = YES;
				SDKROOT = iphoneos;
				SWIFT_COMPILATION_MODE = wholemodule;
				VALIDATE_PRODUCT = YES;
			};
			name = Release;
		};
		E4614CF62ACA86CA00D751FB /* Debug */ = {
			isa = XCBuildConfiguration;
			buildSettings = {
				ALWAYS_EMBED_SWIFT_STANDARD_LIBRARIES = YES;
				ASSETCATALOG_COMPILER_APPICON_NAME = AppIcon;
				ASSETCATALOG_COMPILER_GLOBAL_ACCENT_COLOR_NAME = AccentColor;
				CODE_SIGN_ENTITLEMENTS = IllustMate/IllustMate.entitlements;
				CODE_SIGN_STYLE = Automatic;
				CURRENT_PROJECT_VERSION = 7;
				DEVELOPMENT_TEAM = YYM4Z6MU8F;
				ENABLE_PREVIEWS = YES;
				ENABLE_USER_SCRIPT_SANDBOXING = NO;
				GENERATE_INFOPLIST_FILE = YES;
				INFOPLIST_FILE = IllustMate/Info.plist;
				INFOPLIST_KEY_LSApplicationCategoryType = "public.app-category.photography";
				INFOPLIST_KEY_LSSupportsOpeningDocumentsInPlace = YES;
				INFOPLIST_KEY_UIApplicationSceneManifest_Generation = YES;
				INFOPLIST_KEY_UIApplicationSupportsIndirectInputEvents = YES;
				INFOPLIST_KEY_UILaunchScreen_Generation = YES;
				INFOPLIST_KEY_UISupportedInterfaceOrientations = "UIInterfaceOrientationLandscapeLeft UIInterfaceOrientationLandscapeRight UIInterfaceOrientationPortrait";
				INFOPLIST_KEY_UISupportedInterfaceOrientations_iPad = "UIInterfaceOrientationLandscapeLeft UIInterfaceOrientationLandscapeRight UIInterfaceOrientationPortrait UIInterfaceOrientationPortraitUpsideDown";
				LD_RUNPATH_SEARCH_PATHS = (
					"$(inherited)",
					"@executable_path/Frameworks",
				);
				MARKETING_VERSION = 1.0;
				PRODUCT_BUNDLE_IDENTIFIER = com.tsubuzaki.IllustMate;
				PRODUCT_NAME = "$(TARGET_NAME)";
				SUPPORTED_PLATFORMS = "iphoneos iphonesimulator";
				SUPPORTS_MACCATALYST = YES;
				SUPPORTS_MAC_DESIGNED_FOR_IPHONE_IPAD = NO;
				SWIFT_EMIT_LOC_STRINGS = YES;
				SWIFT_VERSION = 5.0;
				TARGETED_DEVICE_FAMILY = "1,2,6";
			};
			name = Debug;
		};
		E4614CF72ACA86CA00D751FB /* Release */ = {
			isa = XCBuildConfiguration;
			buildSettings = {
				ALWAYS_EMBED_SWIFT_STANDARD_LIBRARIES = YES;
				ASSETCATALOG_COMPILER_APPICON_NAME = AppIcon;
				ASSETCATALOG_COMPILER_GLOBAL_ACCENT_COLOR_NAME = AccentColor;
				CODE_SIGN_ENTITLEMENTS = IllustMate/IllustMate.entitlements;
				CODE_SIGN_STYLE = Automatic;
				CURRENT_PROJECT_VERSION = 7;
				DEVELOPMENT_TEAM = YYM4Z6MU8F;
				ENABLE_PREVIEWS = YES;
				ENABLE_USER_SCRIPT_SANDBOXING = NO;
				GENERATE_INFOPLIST_FILE = YES;
				INFOPLIST_FILE = IllustMate/Info.plist;
				INFOPLIST_KEY_LSApplicationCategoryType = "public.app-category.photography";
				INFOPLIST_KEY_LSSupportsOpeningDocumentsInPlace = YES;
				INFOPLIST_KEY_UIApplicationSceneManifest_Generation = YES;
				INFOPLIST_KEY_UIApplicationSupportsIndirectInputEvents = YES;
				INFOPLIST_KEY_UILaunchScreen_Generation = YES;
				INFOPLIST_KEY_UISupportedInterfaceOrientations = "UIInterfaceOrientationLandscapeLeft UIInterfaceOrientationLandscapeRight UIInterfaceOrientationPortrait";
				INFOPLIST_KEY_UISupportedInterfaceOrientations_iPad = "UIInterfaceOrientationLandscapeLeft UIInterfaceOrientationLandscapeRight UIInterfaceOrientationPortrait UIInterfaceOrientationPortraitUpsideDown";
				LD_RUNPATH_SEARCH_PATHS = (
					"$(inherited)",
					"@executable_path/Frameworks",
				);
				MARKETING_VERSION = 1.0;
				PRODUCT_BUNDLE_IDENTIFIER = com.tsubuzaki.IllustMate;
				PRODUCT_NAME = "$(TARGET_NAME)";
				SUPPORTED_PLATFORMS = "iphoneos iphonesimulator";
				SUPPORTS_MACCATALYST = YES;
				SUPPORTS_MAC_DESIGNED_FOR_IPHONE_IPAD = NO;
				SWIFT_EMIT_LOC_STRINGS = YES;
				SWIFT_VERSION = 5.0;
				TARGETED_DEVICE_FAMILY = "1,2,6";
			};
			name = Release;
		};
		E4614D082ACA86ED00D751FB /* Debug */ = {
			isa = XCBuildConfiguration;
			buildSettings = {
				CODE_SIGN_ENTITLEMENTS = Importer/Importer.entitlements;
				CODE_SIGN_STYLE = Automatic;
				CURRENT_PROJECT_VERSION = 7;
				DEVELOPMENT_TEAM = YYM4Z6MU8F;
				GENERATE_INFOPLIST_FILE = YES;
				INFOPLIST_FILE = Importer/Info.plist;
				INFOPLIST_KEY_CFBundleDisplayName = Importer;
				INFOPLIST_KEY_NSHumanReadableCopyright = "";
				LD_RUNPATH_SEARCH_PATHS = (
					"$(inherited)",
					"@executable_path/Frameworks",
					"@executable_path/../../Frameworks",
				);
				MARKETING_VERSION = 1.0;
				PRODUCT_BUNDLE_IDENTIFIER = com.tsubuzaki.IllustMate.Importer;
				PRODUCT_NAME = "$(TARGET_NAME)";
				SKIP_INSTALL = YES;
				SUPPORTED_PLATFORMS = "iphoneos iphonesimulator";
				SUPPORTS_MACCATALYST = YES;
				SUPPORTS_MAC_DESIGNED_FOR_IPHONE_IPAD = NO;
				SWIFT_EMIT_LOC_STRINGS = YES;
				SWIFT_VERSION = 5.0;
				TARGETED_DEVICE_FAMILY = 1;
			};
			name = Debug;
		};
		E4614D092ACA86ED00D751FB /* Release */ = {
			isa = XCBuildConfiguration;
			buildSettings = {
				CODE_SIGN_ENTITLEMENTS = Importer/Importer.entitlements;
				CODE_SIGN_STYLE = Automatic;
				CURRENT_PROJECT_VERSION = 7;
				DEVELOPMENT_TEAM = YYM4Z6MU8F;
				GENERATE_INFOPLIST_FILE = YES;
				INFOPLIST_FILE = Importer/Info.plist;
				INFOPLIST_KEY_CFBundleDisplayName = Importer;
				INFOPLIST_KEY_NSHumanReadableCopyright = "";
				LD_RUNPATH_SEARCH_PATHS = (
					"$(inherited)",
					"@executable_path/Frameworks",
					"@executable_path/../../Frameworks",
				);
				MARKETING_VERSION = 1.0;
				PRODUCT_BUNDLE_IDENTIFIER = com.tsubuzaki.IllustMate.Importer;
				PRODUCT_NAME = "$(TARGET_NAME)";
				SKIP_INSTALL = YES;
				SUPPORTED_PLATFORMS = "iphoneos iphonesimulator";
				SUPPORTS_MACCATALYST = YES;
				SUPPORTS_MAC_DESIGNED_FOR_IPHONE_IPAD = NO;
				SWIFT_EMIT_LOC_STRINGS = YES;
				SWIFT_VERSION = 5.0;
				TARGETED_DEVICE_FAMILY = 1;
			};
			name = Release;
		};
/* End XCBuildConfiguration section */

/* Begin XCConfigurationList section */
		E4614CDE2ACA86C900D751FB /* Build configuration list for PBXProject "IllustMate" */ = {
			isa = XCConfigurationList;
			buildConfigurations = (
				E4614CF32ACA86CA00D751FB /* Debug */,
				E4614CF42ACA86CA00D751FB /* Release */,
			);
			defaultConfigurationIsVisible = 0;
			defaultConfigurationName = Release;
		};
		E4614CF52ACA86CA00D751FB /* Build configuration list for PBXNativeTarget "PicMate" */ = {
			isa = XCConfigurationList;
			buildConfigurations = (
				E4614CF62ACA86CA00D751FB /* Debug */,
				E4614CF72ACA86CA00D751FB /* Release */,
			);
			defaultConfigurationIsVisible = 0;
			defaultConfigurationName = Release;
		};
		E4614D072ACA86ED00D751FB /* Build configuration list for PBXNativeTarget "Importer" */ = {
			isa = XCConfigurationList;
			buildConfigurations = (
				E4614D082ACA86ED00D751FB /* Debug */,
				E4614D092ACA86ED00D751FB /* Release */,
			);
			defaultConfigurationIsVisible = 0;
			defaultConfigurationName = Release;
		};
/* End XCConfigurationList section */

/* Begin XCRemoteSwiftPackageReference section */
		E45A8BC62ACF23C400E3035E /* XCRemoteSwiftPackageReference "swiftui-navigation-transitions" */ = {
			isa = XCRemoteSwiftPackageReference;
			repositoryURL = "https://github.com/davdroman/swiftui-navigation-transitions";
			requirement = {
				kind = upToNextMinorVersion;
				minimumVersion = 0.13.1;
			};
		};
		E4614D182ACAB6AD00D751FB /* XCRemoteSwiftPackageReference "Komponents" */ = {
			isa = XCRemoteSwiftPackageReference;
			repositoryURL = "https://github.com/katagaki/Komponents";
			requirement = {
				branch = main;
				kind = branch;
			};
		};
		E47765762ACBF21900BA6287 /* XCRemoteSwiftPackageReference "CloudKitSyncMonitor" */ = {
			isa = XCRemoteSwiftPackageReference;
			repositoryURL = "https://github.com/ggruen/CloudKitSyncMonitor";
			requirement = {
				kind = upToNextMinorVersion;
				minimumVersion = 1.2.1;
			};
		};
/* End XCRemoteSwiftPackageReference section */

/* Begin XCSwiftPackageProductDependency section */
		E45A8BC72ACF23C400E3035E /* NavigationTransitions */ = {
			isa = XCSwiftPackageProductDependency;
			package = E45A8BC62ACF23C400E3035E /* XCRemoteSwiftPackageReference "swiftui-navigation-transitions" */;
			productName = NavigationTransitions;
		};
		E4614D192ACAB6AD00D751FB /* Komponents */ = {
			isa = XCSwiftPackageProductDependency;
			package = E4614D182ACAB6AD00D751FB /* XCRemoteSwiftPackageReference "Komponents" */;
			productName = Komponents;
		};
		E47765772ACBF21900BA6287 /* CloudKitSyncMonitor */ = {
			isa = XCSwiftPackageProductDependency;
			package = E47765762ACBF21900BA6287 /* XCRemoteSwiftPackageReference "CloudKitSyncMonitor" */;
			productName = CloudKitSyncMonitor;
		};
/* End XCSwiftPackageProductDependency section */
	};
	rootObject = E4614CDB2ACA86C900D751FB /* Project object */;
}
