// !$*UTF8*$!
{
	archiveVersion = 1;
	classes = {
	};
	objectVersion = 77;
	objects = {

/* Begin PBXBuildFile section */
		A1B2C3062ACABCDE00D751FB /* SQLite in Frameworks */ = {isa = PBXBuildFile; productRef = A1B2C3042ACABCDE00D751FB /* SQLite */; };
		A1B2C3072ACABCDE00D751FB /* SQLite in Frameworks */ = {isa = PBXBuildFile; productRef = A1B2C3052ACABCDE00D751FB /* SQLite */; };
		E4614D062ACA86ED00D751FB /* Share with PicMate.appex in Embed Foundation Extensions */ = {isa = PBXBuildFile; fileRef = E4614CFC2ACA86EC00D751FB /* Share with PicMate.appex */; settings = {ATTRIBUTES = (RemoveHeadersOnCopy, ); }; };
		E4614D1A2ACAB6AD00D751FB /* Komponents in Frameworks */ = {isa = PBXBuildFile; productRef = E4614D192ACAB6AD00D751FB /* Komponents */; };
		E46712E12ADC2B6E006CB15D /* Komponents in Frameworks */ = {isa = PBXBuildFile; productRef = E46712E02ADC2B6E006CB15D /* Komponents */; };
		E4D6F0602F4D4DF1006965BD /* UniformTypeIdentifiers.framework in Frameworks */ = {isa = PBXBuildFile; fileRef = E4D6F05F2F4D4DF1006965BD /* UniformTypeIdentifiers.framework */; };
		E4D6F06C2F4D4DF1006965BD /* Save to PicMate.appex in Embed Foundation Extensions */ = {isa = PBXBuildFile; fileRef = E4D6F05E2F4D4DF1006965BD /* Save to PicMate.appex */; settings = {ATTRIBUTES = (RemoveHeadersOnCopy, ); }; };
		E4D6F0822F4D5C13006965BD /* SQLite in Frameworks */ = {isa = PBXBuildFile; productRef = E4D6F0812F4D5C13006965BD /* SQLite */; };
		E4D6F0912F4D6041006965BD /* Komponents in Frameworks */ = {isa = PBXBuildFile; productRef = E4D6F0902F4D6041006965BD /* Komponents */; };
		E4E717BE2F5F09CA000C13CB /* WidgetKit.framework in Frameworks */ = {isa = PBXBuildFile; fileRef = E4E717BD2F5F09CA000C13CB /* WidgetKit.framework */; };
		E4E717C02F5F09CA000C13CB /* SwiftUI.framework in Frameworks */ = {isa = PBXBuildFile; fileRef = E4E717BF2F5F09CA000C13CB /* SwiftUI.framework */; };
		E4E717CB2F5F09CB000C13CB /* Photostand.appex in Embed Foundation Extensions */ = {isa = PBXBuildFile; fileRef = E4E717BC2F5F09CA000C13CB /* Photostand.appex */; settings = {ATTRIBUTES = (RemoveHeadersOnCopy, ); }; };
		E4E717D22F5F0DC6000C13CB /* SQLite in Frameworks */ = {isa = PBXBuildFile; productRef = E4E717D12F5F0DC6000C13CB /* SQLite */; };
/* End PBXBuildFile section */

/* Begin PBXContainerItemProxy section */
		E4614D042ACA86ED00D751FB /* PBXContainerItemProxy */ = {
			isa = PBXContainerItemProxy;
			containerPortal = E4614CDB2ACA86C900D751FB /* Project object */;
			proxyType = 1;
			remoteGlobalIDString = E4614CFB2ACA86EC00D751FB;
			remoteInfo = Importer;
		};
		E4D6F06A2F4D4DF1006965BD /* PBXContainerItemProxy */ = {
			isa = PBXContainerItemProxy;
			containerPortal = E4614CDB2ACA86C900D751FB /* Project object */;
			proxyType = 1;
			remoteGlobalIDString = E4D6F05D2F4D4DF1006965BD;
			remoteInfo = SaveTo;
		};
		E4E717C92F5F09CB000C13CB /* PBXContainerItemProxy */ = {
			isa = PBXContainerItemProxy;
			containerPortal = E4614CDB2ACA86C900D751FB /* Project object */;
			proxyType = 1;
			remoteGlobalIDString = E4E717BB2F5F09CA000C13CB;
			remoteInfo = PhotostandExtension;
		};
/* End PBXContainerItemProxy section */

/* Begin PBXCopyFilesBuildPhase section */
		E4614D0A2ACA86ED00D751FB /* Embed Foundation Extensions */ = {
			isa = PBXCopyFilesBuildPhase;
			buildActionMask = 2147483647;
			dstPath = "";
			dstSubfolderSpec = 13;
			files = (
				E4D6F06C2F4D4DF1006965BD /* Save to PicMate.appex in Embed Foundation Extensions */,
				E4E717CB2F5F09CB000C13CB /* Photostand.appex in Embed Foundation Extensions */,
				E4614D062ACA86ED00D751FB /* Share with PicMate.appex in Embed Foundation Extensions */,
			);
			name = "Embed Foundation Extensions";
			runOnlyForDeploymentPostprocessing = 0;
		};
/* End PBXCopyFilesBuildPhase section */

/* Begin PBXFileReference section */
		E4614CE32ACA86C900D751FB /* PicMate.app */ = {isa = PBXFileReference; explicitFileType = wrapper.application; includeInIndex = 0; path = PicMate.app; sourceTree = BUILT_PRODUCTS_DIR; };
		E4614CFC2ACA86EC00D751FB /* Share with PicMate.appex */ = {isa = PBXFileReference; explicitFileType = "wrapper.app-extension"; includeInIndex = 0; path = "Share with PicMate.appex"; sourceTree = BUILT_PRODUCTS_DIR; };
		E4D6F05E2F4D4DF1006965BD /* Save to PicMate.appex */ = {isa = PBXFileReference; explicitFileType = "wrapper.app-extension"; includeInIndex = 0; path = "Save to PicMate.appex"; sourceTree = BUILT_PRODUCTS_DIR; };
		E4D6F05F2F4D4DF1006965BD /* UniformTypeIdentifiers.framework */ = {isa = PBXFileReference; lastKnownFileType = wrapper.framework; name = UniformTypeIdentifiers.framework; path = System/Library/Frameworks/UniformTypeIdentifiers.framework; sourceTree = SDKROOT; };
		E4E717BC2F5F09CA000C13CB /* Photostand.appex */ = {isa = PBXFileReference; explicitFileType = "wrapper.app-extension"; includeInIndex = 0; path = Photostand.appex; sourceTree = BUILT_PRODUCTS_DIR; };
		E4E717BD2F5F09CA000C13CB /* WidgetKit.framework */ = {isa = PBXFileReference; lastKnownFileType = wrapper.framework; name = WidgetKit.framework; path = System/Library/Frameworks/WidgetKit.framework; sourceTree = SDKROOT; };
		E4E717BF2F5F09CA000C13CB /* SwiftUI.framework */ = {isa = PBXFileReference; lastKnownFileType = wrapper.framework; name = SwiftUI.framework; path = System/Library/Frameworks/SwiftUI.framework; sourceTree = SDKROOT; };
/* End PBXFileReference section */

/* Begin PBXFileSystemSynchronizedBuildFileExceptionSet section */
		E42BDB4E2F4D67A3000F6E10 /* Exceptions for "Importer" folder in "Share with PicMate" target */ = {
			isa = PBXFileSystemSynchronizedBuildFileExceptionSet;
			membershipExceptions = (
				AlbumsScrollView.swift,
				InfoPlist.xcstrings,
				ShareView.swift,
				ShareViewController.swift,
			);
			target = E4614CFB2ACA86EC00D751FB /* Share with PicMate */;
		};
		E4A15DF82F49EE8F00CD6892 /* Exceptions for "App" folder in "PicMate" target */ = {
			isa = PBXFileSystemSynchronizedBuildFileExceptionSet;
			membershipExceptions = (
				Info.plist,
			);
			target = E4614CE22ACA86C900D751FB /* PicMate */;
		};
		E4A15DF92F49EE8F00CD6892 /* Exceptions for "App" folder in "Share with PicMate" target */ = {
			isa = PBXFileSystemSynchronizedBuildFileExceptionSet;
			membershipExceptions = (
				Enums/Drop.swift,
				Enums/PHCollectionItem.swift,
				Enums/SortType.swift,
				Enums/ViewPath.swift,
				Enums/ViewStyle.swift,
				Extensions/Color.swift,
				Structs/PHAssetCollectionWrapper.swift,
				Structs/PHAssetTransferable.swift,
				Structs/PHAssetWrapper.swift,
				Structs/PHCollectionListWrapper.swift,
				Utilities/Animations.swift,
				Utilities/UIImage.swift,
				"View Modifiers/AlbumDropModifier.swift",
				"View Modifiers/ButtonStyleModifier.swift",
				Views/Collection/AlbumGridLabel.swift,
				Views/Collection/AlbumListRow.swift,
				Views/Collection/AlbumsSection.swift,
				Views/Shared/AlbumCover.swift,
			);
			target = E4614CFB2ACA86EC00D751FB /* Share with PicMate */;
		};
		E4C47BEF2F66BEB200BDF3F8 /* Exceptions for "Shared" folder in "Share with PicMate" target */ = {
			isa = PBXFileSystemSynchronizedBuildFileExceptionSet;
			membershipExceptions = (
				Strings/Albums.xcstrings,
				Strings/More.xcstrings,
				Strings/Photos.xcstrings,
			);
			target = E4614CFB2ACA86EC00D751FB /* Share with PicMate */;
		};
		E4D6F0702F4D4DF1006965BD /* Exceptions for "Importer" folder in "Save to PicMate" target */ = {
			isa = PBXFileSystemSynchronizedBuildFileExceptionSet;
			membershipExceptions = (
				"Info-SaveTo.plist",
				"Info-ShareWith.plist",
			);
			target = E4D6F05D2F4D4DF1006965BD /* Save to PicMate */;
		};
		E4D6F07D2F4D5B87006965BD /* Exceptions for "Shared" folder in "Save to PicMate" target */ = {
			isa = PBXFileSystemSynchronizedBuildFileExceptionSet;
			membershipExceptions = (
				Assets.xcassets,
				"Data Actor/DataActor.swift",
				"Data Actor/DataActor+Albums.swift",
				"Data Actor/DataActor+Pics.swift",
				"Data Models/Album.swift",
				"Data Models/Pic.swift",
				Strings/Import.xcstrings,
				Strings/Localizable.xcstrings,
			);
			target = E4D6F05D2F4D4DF1006965BD /* Save to PicMate */;
		};
		E4D6F07F2F4D5BEF006965BD /* Exceptions for "App" folder in "Save to PicMate" target */ = {
			isa = PBXFileSystemSynchronizedBuildFileExceptionSet;
			membershipExceptions = (
				Enums/Drop.swift,
				Enums/SortType.swift,
				Enums/ViewPath.swift,
				Enums/ViewStyle.swift,
				Extensions/Color.swift,
				Structs/PHAssetCollectionWrapper.swift,
				Structs/PHAssetTransferable.swift,
				Structs/PHAssetWrapper.swift,
				Structs/PHCollectionListWrapper.swift,
				Utilities/UIImage.swift,
				"View Modifiers/AlbumDropModifier.swift",
				"View Modifiers/ButtonStyleModifier.swift",
				Views/Collection/AlbumGridLabel.swift,
				Views/Collection/AlbumListRow.swift,
				Views/Collection/AlbumsSection.swift,
				Views/Shared/AlbumCover.swift,
			);
			target = E4D6F05D2F4D4DF1006965BD /* Save to PicMate */;
		};
		E4E717CF2F5F09CB000C13CB /* Exceptions for "Photostand" folder in "Photostand" target */ = {
			isa = PBXFileSystemSynchronizedBuildFileExceptionSet;
			membershipExceptions = (
				Info.plist,
			);
			target = E4E717BB2F5F09CA000C13CB /* Photostand */;
		};
		E4E717D42F5F0EA6000C13CB /* Exceptions for "Shared" folder in "Photostand" target */ = {
			isa = PBXFileSystemSynchronizedBuildFileExceptionSet;
			membershipExceptions = (
				Assets.xcassets,
				Strings/Localizable.xcstrings,
			);
			target = E4E717BB2F5F09CA000C13CB /* Photostand */;
		};
/* End PBXFileSystemSynchronizedBuildFileExceptionSet section */

/* Begin PBXFileSystemSynchronizedRootGroup section */
		E4A15D602F49EE8C00CD6892 /* Shared */ = {
			isa = PBXFileSystemSynchronizedRootGroup;
			exceptions = (
				E4C47BEF2F66BEB200BDF3F8 /* Exceptions for "Shared" folder in "Share with PicMate" target */,
				E4D6F07D2F4D5B87006965BD /* Exceptions for "Shared" folder in "Save to PicMate" target */,
				E4E717D42F5F0EA6000C13CB /* Exceptions for "Shared" folder in "Photostand" target */,
			);
			path = Shared;
			sourceTree = "<group>";
		};
		E4A15DB32F49EE8F00CD6892 /* App */ = {
			isa = PBXFileSystemSynchronizedRootGroup;
			exceptions = (
				E4A15DF82F49EE8F00CD6892 /* Exceptions for "App" folder in "PicMate" target */,
				E4A15DF92F49EE8F00CD6892 /* Exceptions for "App" folder in "Share with PicMate" target */,
				E4D6F07F2F4D5BEF006965BD /* Exceptions for "App" folder in "Save to PicMate" target */,
			);
			path = App;
			sourceTree = "<group>";
		};
		E4D6F0612F4D4DF1006965BD /* Importer */ = {
			isa = PBXFileSystemSynchronizedRootGroup;
			exceptions = (
				E42BDB4E2F4D67A3000F6E10 /* Exceptions for "Importer" folder in "Share with PicMate" target */,
				E4D6F0702F4D4DF1006965BD /* Exceptions for "Importer" folder in "Save to PicMate" target */,
			);
			path = Importer;
			sourceTree = "<group>";
		};
		E4E717C12F5F09CA000C13CB /* Photostand */ = {
			isa = PBXFileSystemSynchronizedRootGroup;
			exceptions = (
				E4E717CF2F5F09CB000C13CB /* Exceptions for "Photostand" folder in "Photostand" target */,
			);
			path = Photostand;
			sourceTree = "<group>";
		};
/* End PBXFileSystemSynchronizedRootGroup section */

/* Begin PBXFrameworksBuildPhase section */
		E4614CE02ACA86C900D751FB /* Frameworks */ = {
			isa = PBXFrameworksBuildPhase;
			buildActionMask = 2147483647;
			files = (
				E4614D1A2ACAB6AD00D751FB /* Komponents in Frameworks */,
				A1B2C3062ACABCDE00D751FB /* SQLite in Frameworks */,
			);
			runOnlyForDeploymentPostprocessing = 0;
		};
		E4614CF92ACA86EC00D751FB /* Frameworks */ = {
			isa = PBXFrameworksBuildPhase;
			buildActionMask = 2147483647;
			files = (
				E46712E12ADC2B6E006CB15D /* Komponents in Frameworks */,
				A1B2C3072ACABCDE00D751FB /* SQLite in Frameworks */,
			);
			runOnlyForDeploymentPostprocessing = 0;
		};
		E4D6F05B2F4D4DF1006965BD /* Frameworks */ = {
			isa = PBXFrameworksBuildPhase;
			buildActionMask = 2147483647;
			files = (
				E4D6F0822F4D5C13006965BD /* SQLite in Frameworks */,
				E4D6F0602F4D4DF1006965BD /* UniformTypeIdentifiers.framework in Frameworks */,
				E4D6F0912F4D6041006965BD /* Komponents in Frameworks */,
			);
			runOnlyForDeploymentPostprocessing = 0;
		};
		E4E717B92F5F09CA000C13CB /* Frameworks */ = {
			isa = PBXFrameworksBuildPhase;
			buildActionMask = 2147483647;
			files = (
				E4E717D22F5F0DC6000C13CB /* SQLite in Frameworks */,
				E4E717C02F5F09CA000C13CB /* SwiftUI.framework in Frameworks */,
				E4E717BE2F5F09CA000C13CB /* WidgetKit.framework in Frameworks */,
			);
			runOnlyForDeploymentPostprocessing = 0;
		};
/* End PBXFrameworksBuildPhase section */

/* Begin PBXGroup section */
		E4614CDA2ACA86C900D751FB = {
			isa = PBXGroup;
			children = (
				E4A15D602F49EE8C00CD6892 /* Shared */,
				E4A15DB32F49EE8F00CD6892 /* App */,
				E4D6F0612F4D4DF1006965BD /* Importer */,
				E4E717C12F5F09CA000C13CB /* Photostand */,
				E4614CE42ACA86C900D751FB /* Products */,
				E46712DF2ADC2B6E006CB15D /* Frameworks */,
			);
			sourceTree = "<group>";
		};
		E4614CE42ACA86C900D751FB /* Products */ = {
			isa = PBXGroup;
			children = (
				E4614CE32ACA86C900D751FB /* PicMate.app */,
				E4614CFC2ACA86EC00D751FB /* Share with PicMate.appex */,
				E4D6F05E2F4D4DF1006965BD /* Save to PicMate.appex */,
				E4E717BC2F5F09CA000C13CB /* Photostand.appex */,
			);
			name = Products;
			sourceTree = "<group>";
		};
		E46712DF2ADC2B6E006CB15D /* Frameworks */ = {
			isa = PBXGroup;
			children = (
				E4D6F05F2F4D4DF1006965BD /* UniformTypeIdentifiers.framework */,
				E4E717BD2F5F09CA000C13CB /* WidgetKit.framework */,
				E4E717BF2F5F09CA000C13CB /* SwiftUI.framework */,
			);
			name = Frameworks;
			sourceTree = "<group>";
		};
/* End PBXGroup section */

/* Begin PBXNativeTarget section */
		E4614CE22ACA86C900D751FB /* PicMate */ = {
			isa = PBXNativeTarget;
			buildConfigurationList = E4614CF52ACA86CA00D751FB /* Build configuration list for PBXNativeTarget "PicMate" */;
			buildPhases = (
				E4614CDF2ACA86C900D751FB /* Sources */,
				E4614CE02ACA86C900D751FB /* Frameworks */,
				E4614CE12ACA86C900D751FB /* Resources */,
				E4614D0A2ACA86ED00D751FB /* Embed Foundation Extensions */,
				E4614D1F2ACAFCF200D751FB /* ShellScript */,
			);
			buildRules = (
			);
			dependencies = (
				E4614D052ACA86ED00D751FB /* PBXTargetDependency */,
				E4D6F06B2F4D4DF1006965BD /* PBXTargetDependency */,
				E4E717CA2F5F09CB000C13CB /* PBXTargetDependency */,
			);
			fileSystemSynchronizedGroups = (
				E4A15D602F49EE8C00CD6892 /* Shared */,
				E4A15DB32F49EE8F00CD6892 /* App */,
			);
			name = PicMate;
			packageProductDependencies = (
				E4614D192ACAB6AD00D751FB /* Komponents */,
				A1B2C3042ACABCDE00D751FB /* SQLite */,
			);
			productName = PicMate;
			productReference = E4614CE32ACA86C900D751FB /* PicMate.app */;
			productType = "com.apple.product-type.application";
		};
		E4614CFB2ACA86EC00D751FB /* Share with PicMate */ = {
			isa = PBXNativeTarget;
			buildConfigurationList = E4614D072ACA86ED00D751FB /* Build configuration list for PBXNativeTarget "Share with PicMate" */;
			buildPhases = (
				E4614CF82ACA86EC00D751FB /* Sources */,
				E4614CF92ACA86EC00D751FB /* Frameworks */,
				E4614CFA2ACA86EC00D751FB /* Resources */,
			);
			buildRules = (
			);
			dependencies = (
			);
			fileSystemSynchronizedGroups = (
				E4A15D602F49EE8C00CD6892 /* Shared */,
			);
			name = "Share with PicMate";
			packageProductDependencies = (
				E46712E02ADC2B6E006CB15D /* Komponents */,
				A1B2C3052ACABCDE00D751FB /* SQLite */,
			);
			productName = Importer;
			productReference = E4614CFC2ACA86EC00D751FB /* Share with PicMate.appex */;
			productType = "com.apple.product-type.app-extension";
		};
		E4D6F05D2F4D4DF1006965BD /* Save to PicMate */ = {
			isa = PBXNativeTarget;
			buildConfigurationList = E4D6F06F2F4D4DF1006965BD /* Build configuration list for PBXNativeTarget "Save to PicMate" */;
			buildPhases = (
				E4D6F05A2F4D4DF1006965BD /* Sources */,
				E4D6F05B2F4D4DF1006965BD /* Frameworks */,
				E4D6F05C2F4D4DF1006965BD /* Resources */,
			);
			buildRules = (
			);
			dependencies = (
			);
			fileSystemSynchronizedGroups = (
				E4D6F0612F4D4DF1006965BD /* Importer */,
			);
			name = "Save to PicMate";
			packageProductDependencies = (
				E4D6F0812F4D5C13006965BD /* SQLite */,
				E4D6F0902F4D6041006965BD /* Komponents */,
			);
			productName = SaveTo;
			productReference = E4D6F05E2F4D4DF1006965BD /* Save to PicMate.appex */;
			productType = "com.apple.product-type.app-extension";
		};
		E4E717BB2F5F09CA000C13CB /* Photostand */ = {
			isa = PBXNativeTarget;
			buildConfigurationList = E4E717CE2F5F09CB000C13CB /* Build configuration list for PBXNativeTarget "Photostand" */;
			buildPhases = (
				E4E717B82F5F09CA000C13CB /* Sources */,
				E4E717B92F5F09CA000C13CB /* Frameworks */,
				E4E717BA2F5F09CA000C13CB /* Resources */,
			);
			buildRules = (
			);
			dependencies = (
			);
			fileSystemSynchronizedGroups = (
				E4E717C12F5F09CA000C13CB /* Photostand */,
			);
			name = Photostand;
			packageProductDependencies = (
				E4E717D12F5F0DC6000C13CB /* SQLite */,
			);
			productName = PhotostandExtension;
			productReference = E4E717BC2F5F09CA000C13CB /* Photostand.appex */;
			productType = "com.apple.product-type.app-extension";
		};
/* End PBXNativeTarget section */

/* Begin PBXProject section */
		E4614CDB2ACA86C900D751FB /* Project object */ = {
			isa = PBXProject;
			attributes = {
				BuildIndependentTargetsInParallel = 1;
				LastSwiftUpdateCheck = 2630;
				LastUpgradeCheck = 2630;
				TargetAttributes = {
					E4614CE22ACA86C900D751FB = {
						CreatedOnToolsVersion = 15.0;
					};
					E4614CFB2ACA86EC00D751FB = {
						CreatedOnToolsVersion = 15.0;
					};
					E4D6F05D2F4D4DF1006965BD = {
						CreatedOnToolsVersion = 26.3;
					};
					E4E717BB2F5F09CA000C13CB = {
						CreatedOnToolsVersion = 26.3;
					};
				};
			};
			buildConfigurationList = E4614CDE2ACA86C900D751FB /* Build configuration list for PBXProject "PicMate" */;
			developmentRegion = en;
			hasScannedForEncodings = 0;
			knownRegions = (
				en,
				Base,
				ja,
			);
			mainGroup = E4614CDA2ACA86C900D751FB;
			packageReferences = (
				E4614D182ACAB6AD00D751FB /* XCRemoteSwiftPackageReference "Komponents" */,
				A1B2C3032ACABCDE00D751FB /* XCRemoteSwiftPackageReference "SQLite" */,
			);
			preferredProjectObjectVersion = 77;
			productRefGroup = E4614CE42ACA86C900D751FB /* Products */;
			projectDirPath = "";
			projectRoot = "";
			targets = (
				E4614CE22ACA86C900D751FB /* PicMate */,
				E4614CFB2ACA86EC00D751FB /* Share with PicMate */,
				E4D6F05D2F4D4DF1006965BD /* Save to PicMate */,
				E4E717BB2F5F09CA000C13CB /* Photostand */,
			);
		};
/* End PBXProject section */

/* Begin PBXResourcesBuildPhase section */
		E4614CE12ACA86C900D751FB /* Resources */ = {
			isa = PBXResourcesBuildPhase;
			buildActionMask = 2147483647;
			files = (
			);
			runOnlyForDeploymentPostprocessing = 0;
		};
		E4614CFA2ACA86EC00D751FB /* Resources */ = {
			isa = PBXResourcesBuildPhase;
			buildActionMask = 2147483647;
			files = (
			);
			runOnlyForDeploymentPostprocessing = 0;
		};
		E4D6F05C2F4D4DF1006965BD /* Resources */ = {
			isa = PBXResourcesBuildPhase;
			buildActionMask = 2147483647;
			files = (
			);
			runOnlyForDeploymentPostprocessing = 0;
		};
		E4E717BA2F5F09CA000C13CB /* Resources */ = {
			isa = PBXResourcesBuildPhase;
			buildActionMask = 2147483647;
			files = (
			);
			runOnlyForDeploymentPostprocessing = 0;
		};
/* End PBXResourcesBuildPhase section */

/* Begin PBXShellScriptBuildPhase section */
		E4614D1F2ACAFCF200D751FB /* ShellScript */ = {
			isa = PBXShellScriptBuildPhase;
			alwaysOutOfDate = 1;
			buildActionMask = 2147483647;
			files = (
			);
			inputFileListPaths = (
			);
			inputPaths = (
			);
			outputFileListPaths = (
			);
			outputPaths = (
			);
			runOnlyForDeploymentPostprocessing = 0;
			shellPath = /bin/sh;
			shellScript = "export PATH=\"$PATH:/opt/homebrew/bin\"\nif which swiftlint > /dev/null; then\n  swiftlint\nelse\n  echo \"warning: SwiftLint not installed, download from https://github.com/realm/SwiftLint\"\nfi\n\nif which periphery > /dev/null; then\n  periphery scan --skip-build --disable-update-check\nelse\n  echo \"warning: Periphery not installed, download from https://github.com/peripheryapp/periphery\"\nfi\n";
		};
/* End PBXShellScriptBuildPhase section */

/* Begin PBXSourcesBuildPhase section */
		E4614CDF2ACA86C900D751FB /* Sources */ = {
			isa = PBXSourcesBuildPhase;
			buildActionMask = 2147483647;
			files = (
			);
			runOnlyForDeploymentPostprocessing = 0;
		};
		E4614CF82ACA86EC00D751FB /* Sources */ = {
			isa = PBXSourcesBuildPhase;
			buildActionMask = 2147483647;
			files = (
			);
			runOnlyForDeploymentPostprocessing = 0;
		};
		E4D6F05A2F4D4DF1006965BD /* Sources */ = {
			isa = PBXSourcesBuildPhase;
			buildActionMask = 2147483647;
			files = (
			);
			runOnlyForDeploymentPostprocessing = 0;
		};
		E4E717B82F5F09CA000C13CB /* Sources */ = {
			isa = PBXSourcesBuildPhase;
			buildActionMask = 2147483647;
			files = (
			);
			runOnlyForDeploymentPostprocessing = 0;
		};
/* End PBXSourcesBuildPhase section */

/* Begin PBXTargetDependency section */
		E4614D052ACA86ED00D751FB /* PBXTargetDependency */ = {
			isa = PBXTargetDependency;
			target = E4614CFB2ACA86EC00D751FB /* Share with PicMate */;
			targetProxy = E4614D042ACA86ED00D751FB /* PBXContainerItemProxy */;
		};
		E4D6F06B2F4D4DF1006965BD /* PBXTargetDependency */ = {
			isa = PBXTargetDependency;
			target = E4D6F05D2F4D4DF1006965BD /* Save to PicMate */;
			targetProxy = E4D6F06A2F4D4DF1006965BD /* PBXContainerItemProxy */;
		};
		E4E717CA2F5F09CB000C13CB /* PBXTargetDependency */ = {
			isa = PBXTargetDependency;
			target = E4E717BB2F5F09CA000C13CB /* Photostand */;
			targetProxy = E4E717C92F5F09CB000C13CB /* PBXContainerItemProxy */;
		};
/* End PBXTargetDependency section */

/* Begin XCBuildConfiguration section */
		E4614CF32ACA86CA00D751FB /* Debug */ = {
			isa = XCBuildConfiguration;
			buildSettings = {
				ALWAYS_SEARCH_USER_PATHS = NO;
				ASSETCATALOG_COMPILER_GENERATE_SWIFT_ASSET_SYMBOL_EXTENSIONS = YES;
				CLANG_ANALYZER_LOCALIZABILITY_NONLOCALIZED = YES;
				CLANG_ANALYZER_NONNULL = YES;
				CLANG_ANALYZER_NUMBER_OBJECT_CONVERSION = YES_AGGRESSIVE;
				CLANG_CXX_LANGUAGE_STANDARD = "gnu++20";
				CLANG_ENABLE_MODULES = YES;
				CLANG_ENABLE_OBJC_ARC = YES;
				CLANG_ENABLE_OBJC_WEAK = YES;
				CLANG_WARN_BLOCK_CAPTURE_AUTORELEASING = YES;
				CLANG_WARN_BOOL_CONVERSION = YES;
				CLANG_WARN_COMMA = YES;
				CLANG_WARN_CONSTANT_CONVERSION = YES;
				CLANG_WARN_DEPRECATED_OBJC_IMPLEMENTATIONS = YES;
				CLANG_WARN_DIRECT_OBJC_ISA_USAGE = YES_ERROR;
				CLANG_WARN_DOCUMENTATION_COMMENTS = YES;
				CLANG_WARN_EMPTY_BODY = YES;
				CLANG_WARN_ENUM_CONVERSION = YES;
				CLANG_WARN_INFINITE_RECURSION = YES;
				CLANG_WARN_INT_CONVERSION = YES;
				CLANG_WARN_NON_LITERAL_NULL_CONVERSION = YES;
				CLANG_WARN_OBJC_IMPLICIT_RETAIN_SELF = YES;
				CLANG_WARN_OBJC_LITERAL_CONVERSION = YES;
				CLANG_WARN_OBJC_ROOT_CLASS = YES_ERROR;
				CLANG_WARN_QUOTED_INCLUDE_IN_FRAMEWORK_HEADER = YES;
				CLANG_WARN_RANGE_LOOP_ANALYSIS = YES;
				CLANG_WARN_STRICT_PROTOTYPES = YES;
				CLANG_WARN_SUSPICIOUS_MOVE = YES;
				CLANG_WARN_UNGUARDED_AVAILABILITY = YES_AGGRESSIVE;
				CLANG_WARN_UNREACHABLE_CODE = YES;
				CLANG_WARN__DUPLICATE_METHOD_MATCH = YES;
				COPY_PHASE_STRIP = NO;
				DEBUG_INFORMATION_FORMAT = dwarf;
				DEVELOPMENT_TEAM = YYM4Z6MU8F;
				ENABLE_STRICT_OBJC_MSGSEND = YES;
				ENABLE_TESTABILITY = YES;
				ENABLE_USER_SCRIPT_SANDBOXING = YES;
				GCC_C_LANGUAGE_STANDARD = gnu17;
				GCC_DYNAMIC_NO_PIC = NO;
				GCC_NO_COMMON_BLOCKS = YES;
				GCC_OPTIMIZATION_LEVEL = 0;
				GCC_PREPROCESSOR_DEFINITIONS = (
					"DEBUG=1",
					"$(inherited)",
				);
				GCC_WARN_64_TO_32_BIT_CONVERSION = YES;
				GCC_WARN_ABOUT_RETURN_TYPE = YES_ERROR;
				GCC_WARN_UNDECLARED_SELECTOR = YES;
				GCC_WARN_UNINITIALIZED_AUTOS = YES_AGGRESSIVE;
				GCC_WARN_UNUSED_FUNCTION = YES;
				GCC_WARN_UNUSED_VARIABLE = YES;
				IPHONEOS_DEPLOYMENT_TARGET = 26.0;
				LOCALIZATION_PREFERS_STRING_CATALOGS = YES;
				MTL_ENABLE_DEBUG_INFO = INCLUDE_SOURCE;
				MTL_FAST_MATH = YES;
				ONLY_ACTIVE_ARCH = YES;
				SDKROOT = iphoneos;
				STRING_CATALOG_GENERATE_SYMBOLS = YES;
				SWIFT_ACTIVE_COMPILATION_CONDITIONS = "DEBUG $(inherited)";
				SWIFT_OPTIMIZATION_LEVEL = "-Onone";
			};
			name = Debug;
		};
		E4614CF42ACA86CA00D751FB /* Release */ = {
			isa = XCBuildConfiguration;
			buildSettings = {
				ALWAYS_SEARCH_USER_PATHS = NO;
				ASSETCATALOG_COMPILER_GENERATE_SWIFT_ASSET_SYMBOL_EXTENSIONS = YES;
				CLANG_ANALYZER_LOCALIZABILITY_NONLOCALIZED = YES;
				CLANG_ANALYZER_NONNULL = YES;
				CLANG_ANALYZER_NUMBER_OBJECT_CONVERSION = YES_AGGRESSIVE;
				CLANG_CXX_LANGUAGE_STANDARD = "gnu++20";
				CLANG_ENABLE_MODULES = YES;
				CLANG_ENABLE_OBJC_ARC = YES;
				CLANG_ENABLE_OBJC_WEAK = YES;
				CLANG_WARN_BLOCK_CAPTURE_AUTORELEASING = YES;
				CLANG_WARN_BOOL_CONVERSION = YES;
				CLANG_WARN_COMMA = YES;
				CLANG_WARN_CONSTANT_CONVERSION = YES;
				CLANG_WARN_DEPRECATED_OBJC_IMPLEMENTATIONS = YES;
				CLANG_WARN_DIRECT_OBJC_ISA_USAGE = YES_ERROR;
				CLANG_WARN_DOCUMENTATION_COMMENTS = YES;
				CLANG_WARN_EMPTY_BODY = YES;
				CLANG_WARN_ENUM_CONVERSION = YES;
				CLANG_WARN_INFINITE_RECURSION = YES;
				CLANG_WARN_INT_CONVERSION = YES;
				CLANG_WARN_NON_LITERAL_NULL_CONVERSION = YES;
				CLANG_WARN_OBJC_IMPLICIT_RETAIN_SELF = YES;
				CLANG_WARN_OBJC_LITERAL_CONVERSION = YES;
				CLANG_WARN_OBJC_ROOT_CLASS = YES_ERROR;
				CLANG_WARN_QUOTED_INCLUDE_IN_FRAMEWORK_HEADER = YES;
				CLANG_WARN_RANGE_LOOP_ANALYSIS = YES;
				CLANG_WARN_STRICT_PROTOTYPES = YES;
				CLANG_WARN_SUSPICIOUS_MOVE = YES;
				CLANG_WARN_UNGUARDED_AVAILABILITY = YES_AGGRESSIVE;
				CLANG_WARN_UNREACHABLE_CODE = YES;
				CLANG_WARN__DUPLICATE_METHOD_MATCH = YES;
				COPY_PHASE_STRIP = NO;
				DEBUG_INFORMATION_FORMAT = "dwarf-with-dsym";
				DEVELOPMENT_TEAM = YYM4Z6MU8F;
				ENABLE_NS_ASSERTIONS = NO;
				ENABLE_STRICT_OBJC_MSGSEND = YES;
				ENABLE_USER_SCRIPT_SANDBOXING = YES;
				GCC_C_LANGUAGE_STANDARD = gnu17;
				GCC_NO_COMMON_BLOCKS = YES;
				GCC_WARN_64_TO_32_BIT_CONVERSION = YES;
				GCC_WARN_ABOUT_RETURN_TYPE = YES_ERROR;
				GCC_WARN_UNDECLARED_SELECTOR = YES;
				GCC_WARN_UNINITIALIZED_AUTOS = YES_AGGRESSIVE;
				GCC_WARN_UNUSED_FUNCTION = YES;
				GCC_WARN_UNUSED_VARIABLE = YES;
				IPHONEOS_DEPLOYMENT_TARGET = 26.0;
				LOCALIZATION_PREFERS_STRING_CATALOGS = YES;
				MTL_ENABLE_DEBUG_INFO = NO;
				MTL_FAST_MATH = YES;
				SDKROOT = iphoneos;
				STRING_CATALOG_GENERATE_SYMBOLS = YES;
				SWIFT_COMPILATION_MODE = wholemodule;
				VALIDATE_PRODUCT = YES;
			};
			name = Release;
		};
		E4614CF62ACA86CA00D751FB /* Debug */ = {
			isa = XCBuildConfiguration;
			buildSettings = {
				ASSETCATALOG_COMPILER_ALTERNATE_APPICON_NAMES = "AppIcon.Leather AppIcon.Pastel.Dark AppIcon.Pastel AppIcon.Plastic.Dark AppIcon.Plastic AppIcon.Default.Dark";
				ASSETCATALOG_COMPILER_APPICON_NAME = AppIcon;
				ASSETCATALOG_COMPILER_GLOBAL_ACCENT_COLOR_NAME = AccentColor;
				CODE_SIGN_ENTITLEMENTS = Shared/Entitlements.entitlements;
				CODE_SIGN_STYLE = Automatic;
				CURRENT_PROJECT_VERSION = 1;
				ENABLE_APP_SANDBOX = YES;
				ENABLE_OUTGOING_NETWORK_CONNECTIONS = YES;
				ENABLE_PREVIEWS = YES;
				ENABLE_USER_SCRIPT_SANDBOXING = NO;
				ENABLE_USER_SELECTED_FILES = readonly;
				GENERATE_INFOPLIST_FILE = YES;
				INFOPLIST_FILE = App/Info.plist;
				INFOPLIST_KEY_ITSAppUsesNonExemptEncryption = NO;
				INFOPLIST_KEY_LSApplicationCategoryType = "public.app-category.photography";
				INFOPLIST_KEY_LSSupportsOpeningDocumentsInPlace = YES;
				INFOPLIST_KEY_NSPhotoLibraryUsageDescription = "PicMate needs access to your Photos library to browse and import images from your albums.";
				INFOPLIST_KEY_UIApplicationSceneManifest_Generation = YES;
				INFOPLIST_KEY_UIApplicationSupportsIndirectInputEvents = YES;
				INFOPLIST_KEY_UILaunchScreen_Generation = YES;
				INFOPLIST_KEY_UISupportedInterfaceOrientations = "UIInterfaceOrientationLandscapeLeft UIInterfaceOrientationLandscapeRight UIInterfaceOrientationPortrait UIInterfaceOrientationPortraitUpsideDown";
				"INFOPLIST_KEY_UISupportedInterfaceOrientations~ipad" = "UIInterfaceOrientationLandscapeLeft UIInterfaceOrientationLandscapeRight UIInterfaceOrientationPortrait UIInterfaceOrientationPortraitUpsideDown";
				IPHONEOS_DEPLOYMENT_TARGET = 26.0;
				LD_RUNPATH_SEARCH_PATHS = (
					"$(inherited)",
					"@executable_path/Frameworks",
				);
				MACOSX_DEPLOYMENT_TARGET = 26.0;
				MARKETING_VERSION = 1.1;
				PRODUCT_BUNDLE_IDENTIFIER = com.tsubuzaki.IllustMate;
				PRODUCT_NAME = "$(TARGET_NAME)";
				SUPPORTED_PLATFORMS = "iphoneos iphonesimulator";
				SUPPORTS_MACCATALYST = NO;
				SUPPORTS_MAC_DESIGNED_FOR_IPHONE_IPAD = NO;
				SWIFT_EMIT_LOC_STRINGS = YES;
				SWIFT_STRICT_CONCURRENCY = complete;
				SWIFT_VERSION = 6.0;
				TARGETED_DEVICE_FAMILY = "1,2,6";
			};
			name = Debug;
		};
		E4614CF72ACA86CA00D751FB /* Release */ = {
			isa = XCBuildConfiguration;
			buildSettings = {
				ASSETCATALOG_COMPILER_ALTERNATE_APPICON_NAMES = "AppIcon.Leather AppIcon.Pastel.Dark AppIcon.Pastel AppIcon.Plastic.Dark AppIcon.Plastic AppIcon.Default.Dark";
				ASSETCATALOG_COMPILER_APPICON_NAME = AppIcon;
				ASSETCATALOG_COMPILER_GLOBAL_ACCENT_COLOR_NAME = AccentColor;
				CODE_SIGN_ENTITLEMENTS = Shared/Entitlements.entitlements;
				CODE_SIGN_STYLE = Automatic;
				CURRENT_PROJECT_VERSION = 1;
				ENABLE_APP_SANDBOX = YES;
				ENABLE_OUTGOING_NETWORK_CONNECTIONS = YES;
				ENABLE_PREVIEWS = YES;
				ENABLE_USER_SCRIPT_SANDBOXING = NO;
				ENABLE_USER_SELECTED_FILES = readonly;
				GENERATE_INFOPLIST_FILE = YES;
				INFOPLIST_FILE = App/Info.plist;
				INFOPLIST_KEY_ITSAppUsesNonExemptEncryption = NO;
				INFOPLIST_KEY_LSApplicationCategoryType = "public.app-category.photography";
				INFOPLIST_KEY_LSSupportsOpeningDocumentsInPlace = YES;
				INFOPLIST_KEY_NSPhotoLibraryUsageDescription = "PicMate needs access to your Photos library to browse and import images from your albums.";
				INFOPLIST_KEY_UIApplicationSceneManifest_Generation = YES;
				INFOPLIST_KEY_UIApplicationSupportsIndirectInputEvents = YES;
				INFOPLIST_KEY_UILaunchScreen_Generation = YES;
				INFOPLIST_KEY_UISupportedInterfaceOrientations = "UIInterfaceOrientationLandscapeLeft UIInterfaceOrientationLandscapeRight UIInterfaceOrientationPortrait UIInterfaceOrientationPortraitUpsideDown";
				"INFOPLIST_KEY_UISupportedInterfaceOrientations~ipad" = "UIInterfaceOrientationLandscapeLeft UIInterfaceOrientationLandscapeRight UIInterfaceOrientationPortrait UIInterfaceOrientationPortraitUpsideDown";
				IPHONEOS_DEPLOYMENT_TARGET = 26.0;
				LD_RUNPATH_SEARCH_PATHS = (
					"$(inherited)",
					"@executable_path/Frameworks",
				);
				MACOSX_DEPLOYMENT_TARGET = 26.0;
				MARKETING_VERSION = 1.1;
				PRODUCT_BUNDLE_IDENTIFIER = com.tsubuzaki.IllustMate;
				PRODUCT_NAME = "$(TARGET_NAME)";
				SUPPORTED_PLATFORMS = "iphoneos iphonesimulator";
				SUPPORTS_MACCATALYST = NO;
				SUPPORTS_MAC_DESIGNED_FOR_IPHONE_IPAD = NO;
				SWIFT_EMIT_LOC_STRINGS = YES;
				SWIFT_STRICT_CONCURRENCY = complete;
				SWIFT_VERSION = 6.0;
				TARGETED_DEVICE_FAMILY = "1,2,6";
			};
			name = Release;
		};
		E4614D082ACA86ED00D751FB /* Debug */ = {
			isa = XCBuildConfiguration;
			buildSettings = {
				CODE_SIGN_ENTITLEMENTS = Shared/Entitlements.entitlements;
				CODE_SIGN_STYLE = Automatic;
				CURRENT_PROJECT_VERSION = 1;
				ENABLE_APP_SANDBOX = YES;
				ENABLE_OUTGOING_NETWORK_CONNECTIONS = YES;
				GENERATE_INFOPLIST_FILE = YES;
				INFOPLIST_FILE = "Importer/Info-ShareWith.plist";
				INFOPLIST_KEY_CFBundleDisplayName = "Save to PicMate";
				INFOPLIST_KEY_NSHumanReadableCopyright = "";
				IPHONEOS_DEPLOYMENT_TARGET = 26.0;
				LD_RUNPATH_SEARCH_PATHS = (
					"$(inherited)",
					"@executable_path/Frameworks",
					"@executable_path/../../Frameworks",
				);
				MACOSX_DEPLOYMENT_TARGET = 26.0;
				MARKETING_VERSION = 1.1;
				PRODUCT_BUNDLE_IDENTIFIER = "com.tsubuzaki.IllustMate.Share-with-IllustMate";
				PRODUCT_NAME = "$(TARGET_NAME)";
				SKIP_INSTALL = YES;
				SUPPORTED_PLATFORMS = "iphoneos iphonesimulator";
				SUPPORTS_MACCATALYST = NO;
				SUPPORTS_MAC_DESIGNED_FOR_IPHONE_IPAD = NO;
				SWIFT_EMIT_LOC_STRINGS = YES;
				SWIFT_STRICT_CONCURRENCY = complete;
				SWIFT_VERSION = 6.0;
				TARGETED_DEVICE_FAMILY = "1,2";
			};
			name = Debug;
		};
		E4614D092ACA86ED00D751FB /* Release */ = {
			isa = XCBuildConfiguration;
			buildSettings = {
				CODE_SIGN_ENTITLEMENTS = Shared/Entitlements.entitlements;
				CODE_SIGN_STYLE = Automatic;
				CURRENT_PROJECT_VERSION = 1;
				ENABLE_APP_SANDBOX = YES;
				ENABLE_OUTGOING_NETWORK_CONNECTIONS = YES;
				GENERATE_INFOPLIST_FILE = YES;
				INFOPLIST_FILE = "Importer/Info-ShareWith.plist";
				INFOPLIST_KEY_CFBundleDisplayName = "Save to PicMate";
				INFOPLIST_KEY_NSHumanReadableCopyright = "";
				IPHONEOS_DEPLOYMENT_TARGET = 26.0;
				LD_RUNPATH_SEARCH_PATHS = (
					"$(inherited)",
					"@executable_path/Frameworks",
					"@executable_path/../../Frameworks",
				);
				MACOSX_DEPLOYMENT_TARGET = 26.0;
				MARKETING_VERSION = 1.1;
				PRODUCT_BUNDLE_IDENTIFIER = "com.tsubuzaki.IllustMate.Share-with-IllustMate";
				PRODUCT_NAME = "$(TARGET_NAME)";
				SKIP_INSTALL = YES;
				SUPPORTED_PLATFORMS = "iphoneos iphonesimulator";
				SUPPORTS_MACCATALYST = NO;
				SUPPORTS_MAC_DESIGNED_FOR_IPHONE_IPAD = NO;
				SWIFT_EMIT_LOC_STRINGS = YES;
				SWIFT_STRICT_CONCURRENCY = complete;
				SWIFT_VERSION = 6.0;
				TARGETED_DEVICE_FAMILY = "1,2";
			};
			name = Release;
		};
		E4D6F06D2F4D4DF1006965BD /* Debug */ = {
			isa = XCBuildConfiguration;
			buildSettings = {
				ASSETCATALOG_COMPILER_APPICON_NAME = ActionExtensionIcon;
				CODE_SIGN_ENTITLEMENTS = Shared/Entitlements.entitlements;
				CODE_SIGN_STYLE = Automatic;
				CURRENT_PROJECT_VERSION = 1;
				GENERATE_INFOPLIST_FILE = YES;
				INFOPLIST_FILE = "Importer/Info-SaveTo.plist";
				INFOPLIST_KEY_CFBundleDisplayName = "Save to PicMate";
				INFOPLIST_KEY_NSHumanReadableCopyright = "";
				IPHONEOS_DEPLOYMENT_TARGET = 26.0;
				LD_RUNPATH_SEARCH_PATHS = (
					"$(inherited)",
					"@executable_path/Frameworks",
					"@executable_path/../../Frameworks",
				);
				MACOSX_DEPLOYMENT_TARGET = 26.0;
				MARKETING_VERSION = 1.1;
				PRODUCT_BUNDLE_IDENTIFIER = "com.tsubuzaki.IllustMate.Save-to-IllustMate";
				PRODUCT_NAME = "$(TARGET_NAME)";
				SKIP_INSTALL = YES;
				STRING_CATALOG_GENERATE_SYMBOLS = YES;
				SUPPORTED_PLATFORMS = "iphoneos iphonesimulator";
				SUPPORTS_MACCATALYST = NO;
				SUPPORTS_MAC_DESIGNED_FOR_IPHONE_IPAD = NO;
				SWIFT_APPROACHABLE_CONCURRENCY = YES;
				SWIFT_EMIT_LOC_STRINGS = YES;
				SWIFT_UPCOMING_FEATURE_MEMBER_IMPORT_VISIBILITY = YES;
				SWIFT_VERSION = 5.0;
				TARGETED_DEVICE_FAMILY = "1,2";
			};
			name = Debug;
		};
		E4D6F06E2F4D4DF1006965BD /* Release */ = {
			isa = XCBuildConfiguration;
			buildSettings = {
				ASSETCATALOG_COMPILER_APPICON_NAME = ActionExtensionIcon;
				CODE_SIGN_ENTITLEMENTS = Shared/Entitlements.entitlements;
				CODE_SIGN_STYLE = Automatic;
				CURRENT_PROJECT_VERSION = 1;
				GENERATE_INFOPLIST_FILE = YES;
				INFOPLIST_FILE = "Importer/Info-SaveTo.plist";
				INFOPLIST_KEY_CFBundleDisplayName = "Save to PicMate";
				INFOPLIST_KEY_NSHumanReadableCopyright = "";
				IPHONEOS_DEPLOYMENT_TARGET = 26.0;
				LD_RUNPATH_SEARCH_PATHS = (
					"$(inherited)",
					"@executable_path/Frameworks",
					"@executable_path/../../Frameworks",
				);
				MACOSX_DEPLOYMENT_TARGET = 26.0;
				MARKETING_VERSION = 1.1;
				PRODUCT_BUNDLE_IDENTIFIER = "com.tsubuzaki.IllustMate.Save-to-IllustMate";
				PRODUCT_NAME = "$(TARGET_NAME)";
				SKIP_INSTALL = YES;
				STRING_CATALOG_GENERATE_SYMBOLS = YES;
				SUPPORTED_PLATFORMS = "iphoneos iphonesimulator";
				SUPPORTS_MACCATALYST = NO;
				SUPPORTS_MAC_DESIGNED_FOR_IPHONE_IPAD = NO;
				SWIFT_APPROACHABLE_CONCURRENCY = YES;
				SWIFT_EMIT_LOC_STRINGS = YES;
				SWIFT_UPCOMING_FEATURE_MEMBER_IMPORT_VISIBILITY = YES;
				SWIFT_VERSION = 5.0;
				TARGETED_DEVICE_FAMILY = "1,2";
			};
			name = Release;
		};
		E4E717CC2F5F09CB000C13CB /* Debug */ = {
			isa = XCBuildConfiguration;
			buildSettings = {
				ASSETCATALOG_COMPILER_GLOBAL_ACCENT_COLOR_NAME = AccentColor;
				ASSETCATALOG_COMPILER_WIDGET_BACKGROUND_COLOR_NAME = WidgetBackground;
				CODE_SIGN_ENTITLEMENTS = Photostand/Photostand.entitlements;
				CODE_SIGN_STYLE = Automatic;
				CURRENT_PROJECT_VERSION = 1;
				GENERATE_INFOPLIST_FILE = YES;
				INFOPLIST_FILE = Photostand/Info.plist;
				INFOPLIST_KEY_CFBundleDisplayName = Photostand;
				INFOPLIST_KEY_NSHumanReadableCopyright = "";
				IPHONEOS_DEPLOYMENT_TARGET = 26.0;
				LD_RUNPATH_SEARCH_PATHS = (
					"$(inherited)",
					"@executable_path/Frameworks",
					"@executable_path/../../Frameworks",
				);
				MARKETING_VERSION = 1.1;
				PRODUCT_BUNDLE_IDENTIFIER = com.tsubuzaki.IllustMate.Photostand;
				PRODUCT_NAME = "$(TARGET_NAME)";
				SKIP_INSTALL = YES;
				STRING_CATALOG_GENERATE_SYMBOLS = YES;
				SWIFT_APPROACHABLE_CONCURRENCY = YES;
				SWIFT_EMIT_LOC_STRINGS = YES;
				SWIFT_UPCOMING_FEATURE_MEMBER_IMPORT_VISIBILITY = YES;
				SWIFT_VERSION = 5.0;
				TARGETED_DEVICE_FAMILY = "1,2";
			};
			name = Debug;
		};
		E4E717CD2F5F09CB000C13CB /* Release */ = {
			isa = XCBuildConfiguration;
			buildSettings = {
				ASSETCATALOG_COMPILER_GLOBAL_ACCENT_COLOR_NAME = AccentColor;
				ASSETCATALOG_COMPILER_WIDGET_BACKGROUND_COLOR_NAME = WidgetBackground;
				CODE_SIGN_ENTITLEMENTS = Photostand/Photostand.entitlements;
				CODE_SIGN_STYLE = Automatic;
				CURRENT_PROJECT_VERSION = 1;
				GENERATE_INFOPLIST_FILE = YES;
				INFOPLIST_FILE = Photostand/Info.plist;
				INFOPLIST_KEY_CFBundleDisplayName = Photostand;
				INFOPLIST_KEY_NSHumanReadableCopyright = "";
				IPHONEOS_DEPLOYMENT_TARGET = 26.0;
				LD_RUNPATH_SEARCH_PATHS = (
					"$(inherited)",
					"@executable_path/Frameworks",
					"@executable_path/../../Frameworks",
				);
				MARKETING_VERSION = 1.1;
				PRODUCT_BUNDLE_IDENTIFIER = com.tsubuzaki.IllustMate.Photostand;
				PRODUCT_NAME = "$(TARGET_NAME)";
				SKIP_INSTALL = YES;
				STRING_CATALOG_GENERATE_SYMBOLS = YES;
				SWIFT_APPROACHABLE_CONCURRENCY = YES;
				SWIFT_EMIT_LOC_STRINGS = YES;
				SWIFT_UPCOMING_FEATURE_MEMBER_IMPORT_VISIBILITY = YES;
				SWIFT_VERSION = 5.0;
				TARGETED_DEVICE_FAMILY = "1,2";
			};
			name = Release;
		};
/* End XCBuildConfiguration section */

/* Begin XCConfigurationList section */
		E4614CDE2ACA86C900D751FB /* Build configuration list for PBXProject "PicMate" */ = {
			isa = XCConfigurationList;
			buildConfigurations = (
				E4614CF32ACA86CA00D751FB /* Debug */,
				E4614CF42ACA86CA00D751FB /* Release */,
			);
			defaultConfigurationIsVisible = 0;
			defaultConfigurationName = Release;
		};
		E4614CF52ACA86CA00D751FB /* Build configuration list for PBXNativeTarget "PicMate" */ = {
			isa = XCConfigurationList;
			buildConfigurations = (
				E4614CF62ACA86CA00D751FB /* Debug */,
				E4614CF72ACA86CA00D751FB /* Release */,
			);
			defaultConfigurationIsVisible = 0;
			defaultConfigurationName = Release;
		};
		E4614D072ACA86ED00D751FB /* Build configuration list for PBXNativeTarget "Share with PicMate" */ = {
			isa = XCConfigurationList;
			buildConfigurations = (
				E4614D082ACA86ED00D751FB /* Debug */,
				E4614D092ACA86ED00D751FB /* Release */,
			);
			defaultConfigurationIsVisible = 0;
			defaultConfigurationName = Release;
		};
		E4D6F06F2F4D4DF1006965BD /* Build configuration list for PBXNativeTarget "Save to PicMate" */ = {
			isa = XCConfigurationList;
			buildConfigurations = (
				E4D6F06D2F4D4DF1006965BD /* Debug */,
				E4D6F06E2F4D4DF1006965BD /* Release */,
			);
			defaultConfigurationIsVisible = 0;
			defaultConfigurationName = Release;
		};
		E4E717CE2F5F09CB000C13CB /* Build configuration list for PBXNativeTarget "Photostand" */ = {
			isa = XCConfigurationList;
			buildConfigurations = (
				E4E717CC2F5F09CB000C13CB /* Debug */,
				E4E717CD2F5F09CB000C13CB /* Release */,
			);
			defaultConfigurationIsVisible = 0;
			defaultConfigurationName = Release;
		};
/* End XCConfigurationList section */

/* Begin XCRemoteSwiftPackageReference section */
		A1B2C3032ACABCDE00D751FB /* XCRemoteSwiftPackageReference "SQLite" */ = {
			isa = XCRemoteSwiftPackageReference;
			repositoryURL = "https://github.com/stephencelis/SQLite.swift";
			requirement = {
				kind = upToNextMajorVersion;
				minimumVersion = 0.15.3;
			};
		};
		E4614D182ACAB6AD00D751FB /* XCRemoteSwiftPackageReference "Komponents" */ = {
			isa = XCRemoteSwiftPackageReference;
			repositoryURL = "https://github.com/katagaki/Komponents";
			requirement = {
				branch = main;
				kind = branch;
			};
		};
/* End XCRemoteSwiftPackageReference section */

/* Begin XCSwiftPackageProductDependency section */
		A1B2C3042ACABCDE00D751FB /* SQLite */ = {
			isa = XCSwiftPackageProductDependency;
			package = A1B2C3032ACABCDE00D751FB /* XCRemoteSwiftPackageReference "SQLite" */;
			productName = SQLite;
		};
		A1B2C3052ACABCDE00D751FB /* SQLite */ = {
			isa = XCSwiftPackageProductDependency;
			package = A1B2C3032ACABCDE00D751FB /* XCRemoteSwiftPackageReference "SQLite" */;
			productName = SQLite;
		};
		E4614D192ACAB6AD00D751FB /* Komponents */ = {
			isa = XCSwiftPackageProductDependency;
			package = E4614D182ACAB6AD00D751FB /* XCRemoteSwiftPackageReference "Komponents" */;
			productName = Komponents;
		};
		E46712E02ADC2B6E006CB15D /* Komponents */ = {
			isa = XCSwiftPackageProductDependency;
			package = E4614D182ACAB6AD00D751FB /* XCRemoteSwiftPackageReference "Komponents" */;
			productName = Komponents;
		};
		E4D6F0812F4D5C13006965BD /* SQLite */ = {
			isa = XCSwiftPackageProductDependency;
			package = A1B2C3032ACABCDE00D751FB /* XCRemoteSwiftPackageReference "SQLite" */;
			productName = SQLite;
		};
		E4D6F0902F4D6041006965BD /* Komponents */ = {
			isa = XCSwiftPackageProductDependency;
			package = E4614D182ACAB6AD00D751FB /* XCRemoteSwiftPackageReference "Komponents" */;
			productName = Komponents;
		};
		E4E717D12F5F0DC6000C13CB /* SQLite */ = {
			isa = XCSwiftPackageProductDependency;
			package = A1B2C3032ACABCDE00D751FB /* XCRemoteSwiftPackageReference "SQLite" */;
			productName = SQLite;
		};
/* End XCSwiftPackageProductDependency section */
	};
	rootObject = E4614CDB2ACA86C900D751FB /* Project object */;
}
